// !$*UTF8*$!
{
	archiveVersion = 1;
	classes = {
	};
	objectVersion = 46;
	objects = {

/* Begin PBXAggregateTarget section */
		66F5F13314DB195B0068FD20 /* FZPayment */ = {
			isa = PBXAggregateTarget;
			buildConfigurationList = 66F5F13614DB195B0068FD20 /* Build configuration list for PBXAggregateTarget "FZPayment" */;
			buildPhases = (
				66F5F13A14DB19B20068FD20 /* Build .framework library */,
			);
			dependencies = (
				66F5F13914DB19940068FD20 /* PBXTargetDependency */,
			);
			name = FZPayment;
			productName = Framework;
		};
/* End PBXAggregateTarget section */

/* Begin PBXBuildFile section */
		333CA477190158A000F3326F /* HistoryViewController.h in Headers */ = {isa = PBXBuildFile; fileRef = 333CA474190158A000F3326F /* HistoryViewController.h */; settings = {ATTRIBUTES = (Public, ); }; };
		333CA478190158A000F3326F /* HistoryViewController.m in Sources */ = {isa = PBXBuildFile; fileRef = 333CA475190158A000F3326F /* HistoryViewController.m */; };
		333CA47F190158DA00F3326F /* HistoryConfirmationCell.h in Headers */ = {isa = PBXBuildFile; fileRef = 333CA479190158DA00F3326F /* HistoryConfirmationCell.h */; settings = {ATTRIBUTES = (Public, ); }; };
		333CA480190158DA00F3326F /* HistoryConfirmationCell.m in Sources */ = {isa = PBXBuildFile; fileRef = 333CA47A190158DA00F3326F /* HistoryConfirmationCell.m */; };
		333CA481190158DA00F3326F /* HistoryDetailCell.h in Headers */ = {isa = PBXBuildFile; fileRef = 333CA47C190158DA00F3326F /* HistoryDetailCell.h */; settings = {ATTRIBUTES = (Public, ); }; };
		333CA482190158DA00F3326F /* HistoryDetailCell.m in Sources */ = {isa = PBXBuildFile; fileRef = 333CA47D190158DA00F3326F /* HistoryDetailCell.m */; };
		334D86931979113300BD3CE5 /* FZPaymentTests.m in Sources */ = {isa = PBXBuildFile; fileRef = 334D86921979113300BD3CE5 /* FZPaymentTests.m */; };
		334D869C1979117D00BD3CE5 /* PaymentViewController.mm in Sources */ = {isa = PBXBuildFile; fileRef = E13632FE190699CB003C687C /* PaymentViewController.mm */; };
		334D869D1979117D00BD3CE5 /* AccountBannerViewController.m in Sources */ = {isa = PBXBuildFile; fileRef = E1AA227E18FD145B003D3A8B /* AccountBannerViewController.m */; };
		334D869E1979117D00BD3CE5 /* ActionSuccessfulAfterPaymentViewController.m in Sources */ = {isa = PBXBuildFile; fileRef = E1AA228218FD145C003D3A8B /* ActionSuccessfulAfterPaymentViewController.m */; };
		334D869F1979117D00BD3CE5 /* ActionSuccessfulViewController.m in Sources */ = {isa = PBXBuildFile; fileRef = E1AA228518FD145C003D3A8B /* ActionSuccessfulViewController.m */; };
		334D86A01979117D00BD3CE5 /* HistoryViewController.m in Sources */ = {isa = PBXBuildFile; fileRef = 333CA475190158A000F3326F /* HistoryViewController.m */; };
		334D86A11979117D00BD3CE5 /* HistoryConfirmationCell.m in Sources */ = {isa = PBXBuildFile; fileRef = 333CA47A190158DA00F3326F /* HistoryConfirmationCell.m */; };
		334D86A21979117D00BD3CE5 /* HistoryDetailCell.m in Sources */ = {isa = PBXBuildFile; fileRef = 333CA47D190158DA00F3326F /* HistoryDetailCell.m */; };
		334D86A41979117D00BD3CE5 /* PaymentCheckViewController.m in Sources */ = {isa = PBXBuildFile; fileRef = E1AA22C218FD14D4003D3A8B /* PaymentCheckViewController.m */; };
		334D86A61979117D00BD3CE5 /* ScannerViewController.m in Sources */ = {isa = PBXBuildFile; fileRef = E1AA22CC18FD14D4003D3A8B /* ScannerViewController.m */; };
		334D86A81979117D00BD3CE5 /* InvoiceHelper.m in Sources */ = {isa = PBXBuildFile; fileRef = E136330319069B0C003C687C /* InvoiceHelper.m */; };
		33AD1B22198A308A00A78D84 /* libsqlite3.0.dylib in Frameworks */ = {isa = PBXBuildFile; fileRef = 33AD1B21198A308A00A78D84 /* libsqlite3.0.dylib */; };
		33B8BC64197E6F6100801933 /* ActionSuccessfulAfterPaymentViewControllerTests.m in Sources */ = {isa = PBXBuildFile; fileRef = 33B8BC5E197E6F6100801933 /* ActionSuccessfulAfterPaymentViewControllerTests.m */; };
		33B8BC65197E6F6100801933 /* ActionSuccessfulViewControllerTests.m in Sources */ = {isa = PBXBuildFile; fileRef = 33B8BC5F197E6F6100801933 /* ActionSuccessfulViewControllerTests.m */; };
		33B8BC66197E6F6100801933 /* LoginViewControllerTests.m in Sources */ = {isa = PBXBuildFile; fileRef = 33B8BC60197E6F6100801933 /* LoginViewControllerTests.m */; };
		33B8BC67197E6F6100801933 /* PaymentCheckViewControllerTests.m in Sources */ = {isa = PBXBuildFile; fileRef = 33B8BC61197E6F6100801933 /* PaymentCheckViewControllerTests.m */; };
		33B8BC68197E6F6100801933 /* PaymentViewControllerTests.m in Sources */ = {isa = PBXBuildFile; fileRef = 33B8BC62197E6F6100801933 /* PaymentViewControllerTests.m */; };
		33B8BC69197E6F6100801933 /* PinViewControllerTests.m in Sources */ = {isa = PBXBuildFile; fileRef = 33B8BC63197E6F6100801933 /* PinViewControllerTests.m */; };
		553561961980110B00696D93 /* FZPaymentModel.h in Headers */ = {isa = PBXBuildFile; fileRef = 553561941980110B00696D93 /* FZPaymentModel.h */; };
		553561971980110B00696D93 /* FZPaymentModel.m in Sources */ = {isa = PBXBuildFile; fileRef = 553561951980110B00696D93 /* FZPaymentModel.m */; };
		5535619A1980112400696D93 /* FZAccountBannerModel.h in Headers */ = {isa = PBXBuildFile; fileRef = 553561981980112400696D93 /* FZAccountBannerModel.h */; };
		5535619B1980112400696D93 /* FZAccountBannerModel.m in Sources */ = {isa = PBXBuildFile; fileRef = 553561991980112400696D93 /* FZAccountBannerModel.m */; };
		5535619E198012AB00696D93 /* FZActionSuccessfulAfterPaymentModel.h in Headers */ = {isa = PBXBuildFile; fileRef = 5535619C198012AB00696D93 /* FZActionSuccessfulAfterPaymentModel.h */; };
		5535619F198012AB00696D93 /* FZActionSuccessfulAfterPaymentModel.m in Sources */ = {isa = PBXBuildFile; fileRef = 5535619D198012AB00696D93 /* FZActionSuccessfulAfterPaymentModel.m */; };
		553561A2198012C000696D93 /* FZActionSuccessfulModel.h in Headers */ = {isa = PBXBuildFile; fileRef = 553561A0198012C000696D93 /* FZActionSuccessfulModel.h */; };
		553561A3198012C000696D93 /* FZActionSuccessfulModel.m in Sources */ = {isa = PBXBuildFile; fileRef = 553561A1198012C000696D93 /* FZActionSuccessfulModel.m */; };
		553561A6198012E200696D93 /* FZHistoryModel.h in Headers */ = {isa = PBXBuildFile; fileRef = 553561A4198012E200696D93 /* FZHistoryModel.h */; };
		553561A7198012E200696D93 /* FZHistoryModel.m in Sources */ = {isa = PBXBuildFile; fileRef = 553561A5198012E200696D93 /* FZHistoryModel.m */; };
		553561AA1980130000696D93 /* FZLoginModel.h in Headers */ = {isa = PBXBuildFile; fileRef = 553561A81980130000696D93 /* FZLoginModel.h */; };
		553561AB1980130000696D93 /* FZLoginModel.m in Sources */ = {isa = PBXBuildFile; fileRef = 553561A91980130000696D93 /* FZLoginModel.m */; };
		553561AE1980149100696D93 /* FZPaymentCheckModel.h in Headers */ = {isa = PBXBuildFile; fileRef = 553561AC1980149100696D93 /* FZPaymentCheckModel.h */; };
		553561AF1980149100696D93 /* FZPaymentCheckModel.m in Sources */ = {isa = PBXBuildFile; fileRef = 553561AD1980149100696D93 /* FZPaymentCheckModel.m */; };
		553561B21980149F00696D93 /* FZPinModel.h in Headers */ = {isa = PBXBuildFile; fileRef = 553561B01980149F00696D93 /* FZPinModel.h */; };
		553561B31980149F00696D93 /* FZPinModel.m in Sources */ = {isa = PBXBuildFile; fileRef = 553561B11980149F00696D93 /* FZPinModel.m */; };
		553561B6198014D000696D93 /* FZScannerModel.h in Headers */ = {isa = PBXBuildFile; fileRef = 553561B4198014D000696D93 /* FZScannerModel.h */; };
		553561B7198014D000696D93 /* FZScannerModel.m in Sources */ = {isa = PBXBuildFile; fileRef = 553561B5198014D000696D93 /* FZScannerModel.m */; };
		55A8B50B19179AED006049F5 /* ActionSuccessfullDelegate.h in Headers */ = {isa = PBXBuildFile; fileRef = 55A8B50A19179AED006049F5 /* ActionSuccessfullDelegate.h */; settings = {ATTRIBUTES = (Public, ); }; };
		C42FC2F3199903CF00BD9F96 /* FZTipViewController.h in Headers */ = {isa = PBXBuildFile; fileRef = C42FC2F1199903CF00BD9F96 /* FZTipViewController.h */; settings = {ATTRIBUTES = (Public, ); }; };
		C42FC2F4199903CF00BD9F96 /* FZTipViewController.m in Sources */ = {isa = PBXBuildFile; fileRef = C42FC2F2199903CF00BD9F96 /* FZTipViewController.m */; };
		C42FC2F5199903D100BD9F96 /* FZTipViewController.m in Sources */ = {isa = PBXBuildFile; fileRef = C42FC2F2199903CF00BD9F96 /* FZTipViewController.m */; };
		C4520D0F19A3361900358DA3 /* FZAPI.framework in Frameworks */ = {isa = PBXBuildFile; fileRef = C4520C1F19A3361800358DA3 /* FZAPI.framework */; };
		C4520D1019A3361900358DA3 /* FZBlackBox.framework in Frameworks */ = {isa = PBXBuildFile; fileRef = C4520C5819A3361800358DA3 /* FZBlackBox.framework */; };
		C4520D1419A3361900358DA3 /* FZResources-API.bundle in Resources */ = {isa = PBXBuildFile; fileRef = C4520CEE19A3361800358DA3 /* FZResources-API.bundle */; };
		C4520D1619A3361900358DA3 /* FZResources-BlackBox.bundle in Resources */ = {isa = PBXBuildFile; fileRef = C4520CF019A3361800358DA3 /* FZResources-BlackBox.bundle */; };
		C4520D1B19A3361900358DA3 /* FZResources-Payment.bundle in Resources */ = {isa = PBXBuildFile; fileRef = C4520CF519A3361800358DA3 /* FZResources-Payment.bundle */; };
		C4717042199A1441001455CE /* FZTipModel.h in Headers */ = {isa = PBXBuildFile; fileRef = C4717040199A1441001455CE /* FZTipModel.h */; settings = {ATTRIBUTES = (Public, ); }; };
		C4717043199A1441001455CE /* FZTipModel.m in Sources */ = {isa = PBXBuildFile; fileRef = C4717041199A1441001455CE /* FZTipModel.m */; };
		C4717044199A1441001455CE /* FZTipModel.m in Sources */ = {isa = PBXBuildFile; fileRef = C4717041199A1441001455CE /* FZTipModel.m */; };
		C4717048199A1CAC001455CE /* FZTippingEngine.h in Headers */ = {isa = PBXBuildFile; fileRef = C4717046199A1CAC001455CE /* FZTippingEngine.h */; settings = {ATTRIBUTES = (Public, ); }; };
		C4717049199A1CAC001455CE /* FZTippingEngine.m in Sources */ = {isa = PBXBuildFile; fileRef = C4717047199A1CAC001455CE /* FZTippingEngine.m */; };
		C471704A199A1CAC001455CE /* FZTippingEngine.m in Sources */ = {isa = PBXBuildFile; fileRef = C4717047199A1CAC001455CE /* FZTippingEngine.m */; };
		C4CCE92219A348DA006CCCCE /* FZP2P.framework in Frameworks */ = {isa = PBXBuildFile; fileRef = C4CCE91E19A348DA006CCCCE /* FZP2P.framework */; };
		C4CCE92319A348DA006CCCCE /* FZResources-P2P.bundle in Resources */ = {isa = PBXBuildFile; fileRef = C4CCE91F19A348DA006CCCCE /* FZResources-P2P.bundle */; };
		C4CCE92419A348DA006CCCCE /* FZResources-Rewards.bundle in Resources */ = {isa = PBXBuildFile; fileRef = C4CCE92019A348DA006CCCCE /* FZResources-Rewards.bundle */; };
		C4CCE92519A348DA006CCCCE /* FZRewards.framework in Frameworks */ = {isa = PBXBuildFile; fileRef = C4CCE92119A348DA006CCCCE /* FZRewards.framework */; };
		C4CCE92819A349D4006CCCCE /* FZCoreUI.framework in Frameworks */ = {isa = PBXBuildFile; fileRef = C4CCE92619A349D4006CCCCE /* FZCoreUI.framework */; };
		C4CCE92919A349D4006CCCCE /* FZResources-CoreUI.bundle in Resources */ = {isa = PBXBuildFile; fileRef = C4CCE92719A349D4006CCCCE /* FZResources-CoreUI.bundle */; };
		E13632FF190699CB003C687C /* PaymentViewController.h in Headers */ = {isa = PBXBuildFile; fileRef = E13632FD190699CB003C687C /* PaymentViewController.h */; settings = {ATTRIBUTES = (Public, ); }; };
		E1363300190699CB003C687C /* PaymentViewController.mm in Sources */ = {isa = PBXBuildFile; fileRef = E13632FE190699CB003C687C /* PaymentViewController.mm */; };
		E136330419069B0C003C687C /* InvoiceHelper.h in Headers */ = {isa = PBXBuildFile; fileRef = E136330219069B0C003C687C /* InvoiceHelper.h */; };
		E136330519069B0C003C687C /* InvoiceHelper.m in Sources */ = {isa = PBXBuildFile; fileRef = E136330319069B0C003C687C /* InvoiceHelper.m */; };
		E1988F5E18D3365C00283EE4 /* FZPayment.h in Headers */ = {isa = PBXBuildFile; fileRef = E1988F4F18D3365C00283EE4 /* FZPayment.h */; settings = {ATTRIBUTES = (Public, ); }; };
		E1988F5F18D3365C00283EE4 /* FZPayment-Prefix.pch in Headers */ = {isa = PBXBuildFile; fileRef = E1988F5118D3365C00283EE4 /* FZPayment-Prefix.pch */; settings = {ATTRIBUTES = (Public, ); }; };
		E1AA22A118FD145C003D3A8B /* AccountBannerViewController.h in Headers */ = {isa = PBXBuildFile; fileRef = E1AA227D18FD145B003D3A8B /* AccountBannerViewController.h */; settings = {ATTRIBUTES = (Public, ); }; };
		E1AA22A218FD145C003D3A8B /* AccountBannerViewController.m in Sources */ = {isa = PBXBuildFile; fileRef = E1AA227E18FD145B003D3A8B /* AccountBannerViewController.m */; };
		E1AA22A318FD145C003D3A8B /* ActionSuccessfulAfterPaymentViewController.h in Headers */ = {isa = PBXBuildFile; fileRef = E1AA228118FD145B003D3A8B /* ActionSuccessfulAfterPaymentViewController.h */; settings = {ATTRIBUTES = (Public, ); }; };
		E1AA22A418FD145C003D3A8B /* ActionSuccessfulAfterPaymentViewController.m in Sources */ = {isa = PBXBuildFile; fileRef = E1AA228218FD145C003D3A8B /* ActionSuccessfulAfterPaymentViewController.m */; };
		E1AA22A518FD145C003D3A8B /* ActionSuccessfulViewController.h in Headers */ = {isa = PBXBuildFile; fileRef = E1AA228418FD145C003D3A8B /* ActionSuccessfulViewController.h */; settings = {ATTRIBUTES = (Public, ); }; };
		E1AA22A618FD145C003D3A8B /* ActionSuccessfulViewController.m in Sources */ = {isa = PBXBuildFile; fileRef = E1AA228518FD145C003D3A8B /* ActionSuccessfulViewController.m */; };
		E1AA22CF18FD14D4003D3A8B /* PaymentCheckViewController.h in Headers */ = {isa = PBXBuildFile; fileRef = E1AA22C118FD14D4003D3A8B /* PaymentCheckViewController.h */; settings = {ATTRIBUTES = (Public, ); }; };
		E1AA22D018FD14D4003D3A8B /* PaymentCheckViewController.m in Sources */ = {isa = PBXBuildFile; fileRef = E1AA22C218FD14D4003D3A8B /* PaymentCheckViewController.m */; };
		E1AA22D418FD14D4003D3A8B /* ScannerViewController.h in Headers */ = {isa = PBXBuildFile; fileRef = E1AA22CB18FD14D4003D3A8B /* ScannerViewController.h */; settings = {ATTRIBUTES = (Public, ); }; };
		E1AA22D518FD14D4003D3A8B /* ScannerViewController.m in Sources */ = {isa = PBXBuildFile; fileRef = E1AA22CC18FD14D4003D3A8B /* ScannerViewController.m */; };
/* End PBXBuildFile section */

/* Begin PBXContainerItemProxy section */
		66F5F13814DB19940068FD20 /* PBXContainerItemProxy */ = {
			isa = PBXContainerItemProxy;
			containerPortal = 66E8B6CA14D899500074EAA4 /* Project object */;
			proxyType = 1;
			remoteGlobalIDString = 66E8B6D214D899500074EAA4;
			remoteInfo = Serenity;
		};
/* End PBXContainerItemProxy section */

/* Begin PBXFileReference section */
		333CA474190158A000F3326F /* HistoryViewController.h */ = {isa = PBXFileReference; fileEncoding = 4; lastKnownFileType = sourcecode.c.h; path = HistoryViewController.h; sourceTree = "<group>"; };
		333CA475190158A000F3326F /* HistoryViewController.m */ = {isa = PBXFileReference; fileEncoding = 4; lastKnownFileType = sourcecode.c.objc; path = HistoryViewController.m; sourceTree = "<group>"; };
		333CA479190158DA00F3326F /* HistoryConfirmationCell.h */ = {isa = PBXFileReference; fileEncoding = 4; lastKnownFileType = sourcecode.c.h; path = HistoryConfirmationCell.h; sourceTree = "<group>"; };
		333CA47A190158DA00F3326F /* HistoryConfirmationCell.m */ = {isa = PBXFileReference; fileEncoding = 4; lastKnownFileType = sourcecode.c.objc; path = HistoryConfirmationCell.m; sourceTree = "<group>"; };
		333CA47C190158DA00F3326F /* HistoryDetailCell.h */ = {isa = PBXFileReference; fileEncoding = 4; lastKnownFileType = sourcecode.c.h; name = HistoryDetailCell.h; path = ../Controllers/History/HistoryDetailCell.h; sourceTree = "<group>"; };
		333CA47D190158DA00F3326F /* HistoryDetailCell.m */ = {isa = PBXFileReference; fileEncoding = 4; lastKnownFileType = sourcecode.c.objc; name = HistoryDetailCell.m; path = ../Controllers/History/HistoryDetailCell.m; sourceTree = "<group>"; };
		334D868E1979113300BD3CE5 /* FZPaymentTests.xctest */ = {isa = PBXFileReference; explicitFileType = wrapper.cfbundle; includeInIndex = 0; path = FZPaymentTests.xctest; sourceTree = BUILT_PRODUCTS_DIR; };
		334D86911979113300BD3CE5 /* Info.plist */ = {isa = PBXFileReference; lastKnownFileType = text.plist.xml; path = Info.plist; sourceTree = "<group>"; };
		334D86921979113300BD3CE5 /* FZPaymentTests.m */ = {isa = PBXFileReference; lastKnownFileType = sourcecode.c.objc; path = FZPaymentTests.m; sourceTree = "<group>"; };
		334D86AE197915E800BD3CE5 /* FZPaymentTests-Prefix.pch */ = {isa = PBXFileReference; fileEncoding = 4; lastKnownFileType = sourcecode.c.h; path = "FZPaymentTests-Prefix.pch"; sourceTree = "<group>"; };
		33804E53190A5BE600D7EAD9 /* FZResources-Payment.bundle */ = {isa = PBXFileReference; lastKnownFileType = "wrapper.plug-in"; path = "FZResources-Payment.bundle"; sourceTree = "<group>"; };
		33AD1B21198A308A00A78D84 /* libsqlite3.0.dylib */ = {isa = PBXFileReference; lastKnownFileType = "compiled.mach-o.dylib"; name = libsqlite3.0.dylib; path = usr/lib/libsqlite3.0.dylib; sourceTree = SDKROOT; };
		33B8BC5E197E6F6100801933 /* ActionSuccessfulAfterPaymentViewControllerTests.m */ = {isa = PBXFileReference; fileEncoding = 4; lastKnownFileType = sourcecode.c.objc; name = ActionSuccessfulAfterPaymentViewControllerTests.m; path = FZPaymentTests/ViewControllerTests/ActionSuccessfulAfterPaymentViewControllerTests.m; sourceTree = SOURCE_ROOT; };
		33B8BC5F197E6F6100801933 /* ActionSuccessfulViewControllerTests.m */ = {isa = PBXFileReference; fileEncoding = 4; lastKnownFileType = sourcecode.c.objc; name = ActionSuccessfulViewControllerTests.m; path = FZPaymentTests/ViewControllerTests/ActionSuccessfulViewControllerTests.m; sourceTree = SOURCE_ROOT; };
		33B8BC60197E6F6100801933 /* LoginViewControllerTests.m */ = {isa = PBXFileReference; fileEncoding = 4; lastKnownFileType = sourcecode.c.objc; name = LoginViewControllerTests.m; path = FZPaymentTests/ViewControllerTests/LoginViewControllerTests.m; sourceTree = SOURCE_ROOT; };
		33B8BC61197E6F6100801933 /* PaymentCheckViewControllerTests.m */ = {isa = PBXFileReference; fileEncoding = 4; lastKnownFileType = sourcecode.c.objc; name = PaymentCheckViewControllerTests.m; path = FZPaymentTests/ViewControllerTests/PaymentCheckViewControllerTests.m; sourceTree = SOURCE_ROOT; };
		33B8BC62197E6F6100801933 /* PaymentViewControllerTests.m */ = {isa = PBXFileReference; fileEncoding = 4; lastKnownFileType = sourcecode.c.objc; name = PaymentViewControllerTests.m; path = FZPaymentTests/ViewControllerTests/PaymentViewControllerTests.m; sourceTree = SOURCE_ROOT; };
		33B8BC63197E6F6100801933 /* PinViewControllerTests.m */ = {isa = PBXFileReference; fileEncoding = 4; lastKnownFileType = sourcecode.c.objc; name = PinViewControllerTests.m; path = FZPaymentTests/ViewControllerTests/PinViewControllerTests.m; sourceTree = SOURCE_ROOT; };
		553561941980110B00696D93 /* FZPaymentModel.h */ = {isa = PBXFileReference; fileEncoding = 4; lastKnownFileType = sourcecode.c.h; path = FZPaymentModel.h; sourceTree = "<group>"; };
		553561951980110B00696D93 /* FZPaymentModel.m */ = {isa = PBXFileReference; fileEncoding = 4; lastKnownFileType = sourcecode.c.objc; path = FZPaymentModel.m; sourceTree = "<group>"; };
		553561981980112400696D93 /* FZAccountBannerModel.h */ = {isa = PBXFileReference; fileEncoding = 4; lastKnownFileType = sourcecode.c.h; path = FZAccountBannerModel.h; sourceTree = "<group>"; };
		553561991980112400696D93 /* FZAccountBannerModel.m */ = {isa = PBXFileReference; fileEncoding = 4; lastKnownFileType = sourcecode.c.objc; path = FZAccountBannerModel.m; sourceTree = "<group>"; };
		5535619C198012AB00696D93 /* FZActionSuccessfulAfterPaymentModel.h */ = {isa = PBXFileReference; fileEncoding = 4; lastKnownFileType = sourcecode.c.h; path = FZActionSuccessfulAfterPaymentModel.h; sourceTree = "<group>"; };
		5535619D198012AB00696D93 /* FZActionSuccessfulAfterPaymentModel.m */ = {isa = PBXFileReference; fileEncoding = 4; lastKnownFileType = sourcecode.c.objc; path = FZActionSuccessfulAfterPaymentModel.m; sourceTree = "<group>"; };
		553561A0198012C000696D93 /* FZActionSuccessfulModel.h */ = {isa = PBXFileReference; fileEncoding = 4; lastKnownFileType = sourcecode.c.h; path = FZActionSuccessfulModel.h; sourceTree = "<group>"; };
		553561A1198012C000696D93 /* FZActionSuccessfulModel.m */ = {isa = PBXFileReference; fileEncoding = 4; lastKnownFileType = sourcecode.c.objc; path = FZActionSuccessfulModel.m; sourceTree = "<group>"; };
		553561A4198012E200696D93 /* FZHistoryModel.h */ = {isa = PBXFileReference; fileEncoding = 4; lastKnownFileType = sourcecode.c.h; path = FZHistoryModel.h; sourceTree = "<group>"; };
		553561A5198012E200696D93 /* FZHistoryModel.m */ = {isa = PBXFileReference; fileEncoding = 4; lastKnownFileType = sourcecode.c.objc; path = FZHistoryModel.m; sourceTree = "<group>"; };
		553561A81980130000696D93 /* FZLoginModel.h */ = {isa = PBXFileReference; fileEncoding = 4; lastKnownFileType = sourcecode.c.h; path = FZLoginModel.h; sourceTree = "<group>"; };
		553561A91980130000696D93 /* FZLoginModel.m */ = {isa = PBXFileReference; fileEncoding = 4; lastKnownFileType = sourcecode.c.objc; path = FZLoginModel.m; sourceTree = "<group>"; };
		553561AC1980149100696D93 /* FZPaymentCheckModel.h */ = {isa = PBXFileReference; fileEncoding = 4; lastKnownFileType = sourcecode.c.h; path = FZPaymentCheckModel.h; sourceTree = "<group>"; };
		553561AD1980149100696D93 /* FZPaymentCheckModel.m */ = {isa = PBXFileReference; fileEncoding = 4; lastKnownFileType = sourcecode.c.objc; path = FZPaymentCheckModel.m; sourceTree = "<group>"; };
		553561B01980149F00696D93 /* FZPinModel.h */ = {isa = PBXFileReference; fileEncoding = 4; lastKnownFileType = sourcecode.c.h; path = FZPinModel.h; sourceTree = "<group>"; };
		553561B11980149F00696D93 /* FZPinModel.m */ = {isa = PBXFileReference; fileEncoding = 4; lastKnownFileType = sourcecode.c.objc; path = FZPinModel.m; sourceTree = "<group>"; };
		553561B4198014D000696D93 /* FZScannerModel.h */ = {isa = PBXFileReference; fileEncoding = 4; lastKnownFileType = sourcecode.c.h; path = FZScannerModel.h; sourceTree = "<group>"; };
		553561B5198014D000696D93 /* FZScannerModel.m */ = {isa = PBXFileReference; fileEncoding = 4; lastKnownFileType = sourcecode.c.objc; path = FZScannerModel.m; sourceTree = "<group>"; };
		55A8B50A19179AED006049F5 /* ActionSuccessfullDelegate.h */ = {isa = PBXFileReference; fileEncoding = 4; lastKnownFileType = sourcecode.c.h; name = ActionSuccessfullDelegate.h; path = Controllers/ActionSuccessful/ActionSuccessfullDelegate.h; sourceTree = "<group>"; };
		664A268414E3222700C297E6 /* CoreFoundation.framework */ = {isa = PBXFileReference; lastKnownFileType = wrapper.framework; name = CoreFoundation.framework; path = System/Library/Frameworks/CoreFoundation.framework; sourceTree = SDKROOT; };
		66E8B6D314D899500074EAA4 /* libFZPayment.a */ = {isa = PBXFileReference; explicitFileType = archive.ar; includeInIndex = 0; path = libFZPayment.a; sourceTree = BUILT_PRODUCTS_DIR; };
		66E8B6D614D899500074EAA4 /* Foundation.framework */ = {isa = PBXFileReference; lastKnownFileType = wrapper.framework; name = Foundation.framework; path = System/Library/Frameworks/Foundation.framework; sourceTree = SDKROOT; };
		C42FC2F1199903CF00BD9F96 /* FZTipViewController.h */ = {isa = PBXFileReference; fileEncoding = 4; lastKnownFileType = sourcecode.c.h; path = FZTipViewController.h; sourceTree = "<group>"; };
		C42FC2F2199903CF00BD9F96 /* FZTipViewController.m */ = {isa = PBXFileReference; fileEncoding = 4; lastKnownFileType = sourcecode.c.objc; path = FZTipViewController.m; sourceTree = "<group>"; };
		C4520C1F19A3361800358DA3 /* FZAPI.framework */ = {isa = PBXFileReference; lastKnownFileType = wrapper.framework; path = FZAPI.framework; sourceTree = "<group>"; };
		C4520C5819A3361800358DA3 /* FZBlackBox.framework */ = {isa = PBXFileReference; lastKnownFileType = wrapper.framework; path = FZBlackBox.framework; sourceTree = "<group>"; };
		C4520CEE19A3361800358DA3 /* FZResources-API.bundle */ = {isa = PBXFileReference; lastKnownFileType = "wrapper.plug-in"; path = "FZResources-API.bundle"; sourceTree = "<group>"; };
		C4520CF019A3361800358DA3 /* FZResources-BlackBox.bundle */ = {isa = PBXFileReference; lastKnownFileType = "wrapper.plug-in"; path = "FZResources-BlackBox.bundle"; sourceTree = "<group>"; };
		C4520CF519A3361800358DA3 /* FZResources-Payment.bundle */ = {isa = PBXFileReference; lastKnownFileType = "wrapper.plug-in"; path = "FZResources-Payment.bundle"; sourceTree = "<group>"; };
		C4717040199A1441001455CE /* FZTipModel.h */ = {isa = PBXFileReference; fileEncoding = 4; lastKnownFileType = sourcecode.c.h; path = FZTipModel.h; sourceTree = "<group>"; };
		C4717041199A1441001455CE /* FZTipModel.m */ = {isa = PBXFileReference; fileEncoding = 4; lastKnownFileType = sourcecode.c.objc; path = FZTipModel.m; sourceTree = "<group>"; };
		C4717046199A1CAC001455CE /* FZTippingEngine.h */ = {isa = PBXFileReference; fileEncoding = 4; lastKnownFileType = sourcecode.c.h; name = FZTippingEngine.h; path = Engine/FZTippingEngine.h; sourceTree = "<group>"; };
		C4717047199A1CAC001455CE /* FZTippingEngine.m */ = {isa = PBXFileReference; fileEncoding = 4; lastKnownFileType = sourcecode.c.objc; name = FZTippingEngine.m; path = Engine/FZTippingEngine.m; sourceTree = "<group>"; };
		C4CCE91E19A348DA006CCCCE /* FZP2P.framework */ = {isa = PBXFileReference; lastKnownFileType = wrapper.framework; path = FZP2P.framework; sourceTree = "<group>"; };
		C4CCE91F19A348DA006CCCCE /* FZResources-P2P.bundle */ = {isa = PBXFileReference; lastKnownFileType = "wrapper.plug-in"; path = "FZResources-P2P.bundle"; sourceTree = "<group>"; };
		C4CCE92019A348DA006CCCCE /* FZResources-Rewards.bundle */ = {isa = PBXFileReference; lastKnownFileType = "wrapper.plug-in"; path = "FZResources-Rewards.bundle"; sourceTree = "<group>"; };
		C4CCE92119A348DA006CCCCE /* FZRewards.framework */ = {isa = PBXFileReference; lastKnownFileType = wrapper.framework; path = FZRewards.framework; sourceTree = "<group>"; };
		C4CCE92619A349D4006CCCCE /* FZCoreUI.framework */ = {isa = PBXFileReference; lastKnownFileType = wrapper.framework; path = FZCoreUI.framework; sourceTree = "<group>"; };
		C4CCE92719A349D4006CCCCE /* FZResources-CoreUI.bundle */ = {isa = PBXFileReference; lastKnownFileType = "wrapper.plug-in"; path = "FZResources-CoreUI.bundle"; sourceTree = "<group>"; };
		E13632FD190699CB003C687C /* PaymentViewController.h */ = {isa = PBXFileReference; fileEncoding = 4; lastKnownFileType = sourcecode.c.h; path = PaymentViewController.h; sourceTree = "<group>"; };
		E13632FE190699CB003C687C /* PaymentViewController.mm */ = {isa = PBXFileReference; fileEncoding = 4; lastKnownFileType = sourcecode.cpp.objcpp; path = PaymentViewController.mm; sourceTree = "<group>"; };
		E136330219069B0C003C687C /* InvoiceHelper.h */ = {isa = PBXFileReference; fileEncoding = 4; lastKnownFileType = sourcecode.c.h; path = InvoiceHelper.h; sourceTree = "<group>"; };
		E136330319069B0C003C687C /* InvoiceHelper.m */ = {isa = PBXFileReference; fileEncoding = 4; lastKnownFileType = sourcecode.c.objc; path = InvoiceHelper.m; sourceTree = "<group>"; };
		E136333F190908A1003C687C /* FZAPI.framework */ = {isa = PBXFileReference; lastKnownFileType = wrapper.framework; name = FZAPI.framework; path = "../Debug-iphoneos/FZAPI.framework"; sourceTree = FWR; };
		E1363340190908A1003C687C /* FZBlackBox.framework */ = {isa = PBXFileReference; lastKnownFileType = wrapper.framework; name = FZBlackBox.framework; path = "../Debug-iphoneos/FZBlackBox.framework"; sourceTree = FWR; };
		E1988F4F18D3365C00283EE4 /* FZPayment.h */ = {isa = PBXFileReference; fileEncoding = 4; lastKnownFileType = sourcecode.c.h; path = FZPayment.h; sourceTree = "<group>"; };
		E1988F5118D3365C00283EE4 /* FZPayment-Prefix.pch */ = {isa = PBXFileReference; fileEncoding = 4; lastKnownFileType = sourcecode.c.h; path = "FZPayment-Prefix.pch"; sourceTree = "<group>"; };
		E1988F5318D3365C00283EE4 /* FZPaymentResources-Info.plist */ = {isa = PBXFileReference; fileEncoding = 4; lastKnownFileType = text.plist.xml; path = "FZPaymentResources-Info.plist"; sourceTree = "<group>"; };
		E19A76AA18D6DF9B0037BD02 /* UIKit.framework */ = {isa = PBXFileReference; lastKnownFileType = wrapper.framework; name = UIKit.framework; path = System/Library/Frameworks/UIKit.framework; sourceTree = SDKROOT; };
		E1AA227D18FD145B003D3A8B /* AccountBannerViewController.h */ = {isa = PBXFileReference; fileEncoding = 4; lastKnownFileType = sourcecode.c.h; path = AccountBannerViewController.h; sourceTree = "<group>"; };
		E1AA227E18FD145B003D3A8B /* AccountBannerViewController.m */ = {isa = PBXFileReference; fileEncoding = 4; lastKnownFileType = sourcecode.c.objc; path = AccountBannerViewController.m; sourceTree = "<group>"; };
		E1AA228118FD145B003D3A8B /* ActionSuccessfulAfterPaymentViewController.h */ = {isa = PBXFileReference; fileEncoding = 4; lastKnownFileType = sourcecode.c.h; path = ActionSuccessfulAfterPaymentViewController.h; sourceTree = "<group>"; };
		E1AA228218FD145C003D3A8B /* ActionSuccessfulAfterPaymentViewController.m */ = {isa = PBXFileReference; fileEncoding = 4; lastKnownFileType = sourcecode.c.objc; path = ActionSuccessfulAfterPaymentViewController.m; sourceTree = "<group>"; };
		E1AA228418FD145C003D3A8B /* ActionSuccessfulViewController.h */ = {isa = PBXFileReference; fileEncoding = 4; lastKnownFileType = sourcecode.c.h; path = ActionSuccessfulViewController.h; sourceTree = "<group>"; };
		E1AA228518FD145C003D3A8B /* ActionSuccessfulViewController.m */ = {isa = PBXFileReference; fileEncoding = 4; lastKnownFileType = sourcecode.c.objc; path = ActionSuccessfulViewController.m; sourceTree = "<group>"; };
		E1AA22C118FD14D4003D3A8B /* PaymentCheckViewController.h */ = {isa = PBXFileReference; fileEncoding = 4; lastKnownFileType = sourcecode.c.h; path = PaymentCheckViewController.h; sourceTree = "<group>"; };
		E1AA22C218FD14D4003D3A8B /* PaymentCheckViewController.m */ = {isa = PBXFileReference; fileEncoding = 4; lastKnownFileType = sourcecode.c.objc; path = PaymentCheckViewController.m; sourceTree = "<group>"; };
		E1AA22CB18FD14D4003D3A8B /* ScannerViewController.h */ = {isa = PBXFileReference; fileEncoding = 4; lastKnownFileType = sourcecode.c.h; path = ScannerViewController.h; sourceTree = "<group>"; };
		E1AA22CC18FD14D4003D3A8B /* ScannerViewController.m */ = {isa = PBXFileReference; fileEncoding = 4; lastKnownFileType = sourcecode.c.objc; path = ScannerViewController.m; sourceTree = "<group>"; };
/* End PBXFileReference section */

/* Begin PBXFrameworksBuildPhase section */
		334D868B1979113300BD3CE5 /* Frameworks */ = {
			isa = PBXFrameworksBuildPhase;
			buildActionMask = 2147483647;
			files = (
				C4520D1019A3361900358DA3 /* FZBlackBox.framework in Frameworks */,
				C4CCE92519A348DA006CCCCE /* FZRewards.framework in Frameworks */,
				33AD1B22198A308A00A78D84 /* libsqlite3.0.dylib in Frameworks */,
				C4CCE92219A348DA006CCCCE /* FZP2P.framework in Frameworks */,
				C4CCE92819A349D4006CCCCE /* FZCoreUI.framework in Frameworks */,
				C4520D0F19A3361900358DA3 /* FZAPI.framework in Frameworks */,
			);
			runOnlyForDeploymentPostprocessing = 0;
		};
		66E8B6D014D899500074EAA4 /* Frameworks */ = {
			isa = PBXFrameworksBuildPhase;
			buildActionMask = 2147483647;
			files = (
			);
			runOnlyForDeploymentPostprocessing = 0;
		};
/* End PBXFrameworksBuildPhase section */

/* Begin PBXGroup section */
		333CA473190158A000F3326F /* History */ = {
			isa = PBXGroup;
			children = (
				333CA474190158A000F3326F /* HistoryViewController.h */,
				333CA475190158A000F3326F /* HistoryViewController.m */,
				333CA479190158DA00F3326F /* HistoryConfirmationCell.h */,
				333CA47A190158DA00F3326F /* HistoryConfirmationCell.m */,
			);
			path = History;
			sourceTree = "<group>";
		};
		334D868F1979113300BD3CE5 /* FZPaymentTests */ = {
			isa = PBXGroup;
			children = (
				C4520C1D19A3361800358DA3 /* _FZFWS */,
				334D86AB197911BA00BD3CE5 /* ViewControllerTests */,
				334D86921979113300BD3CE5 /* FZPaymentTests.m */,
				334D86901979113300BD3CE5 /* Supporting Files */,
			);
			path = FZPaymentTests;
			sourceTree = "<group>";
		};
		334D86901979113300BD3CE5 /* Supporting Files */ = {
			isa = PBXGroup;
			children = (
				334D86AE197915E800BD3CE5 /* FZPaymentTests-Prefix.pch */,
				334D86911979113300BD3CE5 /* Info.plist */,
			);
			name = "Supporting Files";
			sourceTree = "<group>";
		};
		334D86AB197911BA00BD3CE5 /* ViewControllerTests */ = {
			isa = PBXGroup;
			children = (
				33B8BC5E197E6F6100801933 /* ActionSuccessfulAfterPaymentViewControllerTests.m */,
				33B8BC5F197E6F6100801933 /* ActionSuccessfulViewControllerTests.m */,
				33B8BC60197E6F6100801933 /* LoginViewControllerTests.m */,
				33B8BC61197E6F6100801933 /* PaymentCheckViewControllerTests.m */,
				33B8BC62197E6F6100801933 /* PaymentViewControllerTests.m */,
				33B8BC63197E6F6100801933 /* PinViewControllerTests.m */,
			);
			name = ViewControllerTests;
			path = ActionSuccessfulTests;
			sourceTree = "<group>";
		};
		55356193198010EF00696D93 /* Models */ = {
			isa = PBXGroup;
			children = (
				553561941980110B00696D93 /* FZPaymentModel.h */,
				553561951980110B00696D93 /* FZPaymentModel.m */,
				553561981980112400696D93 /* FZAccountBannerModel.h */,
				553561991980112400696D93 /* FZAccountBannerModel.m */,
				5535619C198012AB00696D93 /* FZActionSuccessfulAfterPaymentModel.h */,
				5535619D198012AB00696D93 /* FZActionSuccessfulAfterPaymentModel.m */,
				553561A0198012C000696D93 /* FZActionSuccessfulModel.h */,
				553561A1198012C000696D93 /* FZActionSuccessfulModel.m */,
				553561A4198012E200696D93 /* FZHistoryModel.h */,
				553561A5198012E200696D93 /* FZHistoryModel.m */,
				553561A81980130000696D93 /* FZLoginModel.h */,
				553561A91980130000696D93 /* FZLoginModel.m */,
				553561AC1980149100696D93 /* FZPaymentCheckModel.h */,
				553561AD1980149100696D93 /* FZPaymentCheckModel.m */,
				553561B01980149F00696D93 /* FZPinModel.h */,
				553561B11980149F00696D93 /* FZPinModel.m */,
				553561B4198014D000696D93 /* FZScannerModel.h */,
				553561B5198014D000696D93 /* FZScannerModel.m */,
				C4717040199A1441001455CE /* FZTipModel.h */,
				C4717041199A1441001455CE /* FZTipModel.m */,
			);
			path = Models;
			sourceTree = "<group>";
		};
		66E8B6C814D899500074EAA4 = {
			isa = PBXGroup;
			children = (
				E1988F4A18D3365C00283EE4 /* CodeSource */,
				E1988F4D18D3365C00283EE4 /* Configuration */,
				66E8B6D514D899500074EAA4 /* Frameworks */,
				66E8B6D414D899500074EAA4 /* Products */,
				334D868F1979113300BD3CE5 /* FZPaymentTests */,
			);
			sourceTree = "<group>";
		};
		66E8B6D414D899500074EAA4 /* Products */ = {
			isa = PBXGroup;
			children = (
				66E8B6D314D899500074EAA4 /* libFZPayment.a */,
				334D868E1979113300BD3CE5 /* FZPaymentTests.xctest */,
			);
			name = Products;
			sourceTree = "<group>";
		};
		66E8B6D514D899500074EAA4 /* Frameworks */ = {
			isa = PBXGroup;
			children = (
				33AD1B21198A308A00A78D84 /* libsqlite3.0.dylib */,
				E1AA22D618FD15F6003D3A8B /* FZ */,
				E19A76AA18D6DF9B0037BD02 /* UIKit.framework */,
				66E8B6D614D899500074EAA4 /* Foundation.framework */,
				664A268414E3222700C297E6 /* CoreFoundation.framework */,
			);
			name = Frameworks;
			sourceTree = "<group>";
		};
		C42FC2F0199903C700BD9F96 /* TipController */ = {
			isa = PBXGroup;
			children = (
				C42FC2F1199903CF00BD9F96 /* FZTipViewController.h */,
				C42FC2F2199903CF00BD9F96 /* FZTipViewController.m */,
			);
			name = TipController;
			sourceTree = "<group>";
		};
		C4520C1D19A3361800358DA3 /* _FZFWS */ = {
			isa = PBXGroup;
			children = (
				C4CCE91E19A348DA006CCCCE /* FZP2P.framework */,
				C4CCE92119A348DA006CCCCE /* FZRewards.framework */,
				C4520C1F19A3361800358DA3 /* FZAPI.framework */,
				C4520C5819A3361800358DA3 /* FZBlackBox.framework */,
				C4CCE92619A349D4006CCCCE /* FZCoreUI.framework */,
				C4CCE92719A349D4006CCCCE /* FZResources-CoreUI.bundle */,
				C4520CEE19A3361800358DA3 /* FZResources-API.bundle */,
				C4520CF019A3361800358DA3 /* FZResources-BlackBox.bundle */,
				C4520CF519A3361800358DA3 /* FZResources-Payment.bundle */,
				C4CCE91F19A348DA006CCCCE /* FZResources-P2P.bundle */,
				C4CCE92019A348DA006CCCCE /* FZResources-Rewards.bundle */,
			);
			name = _FZFWS;
			path = ../../../_FZFWS;
			sourceTree = "<group>";
		};
		C4717045199A1C96001455CE /* Engine */ = {
			isa = PBXGroup;
			children = (
				C4717046199A1CAC001455CE /* FZTippingEngine.h */,
				C4717047199A1CAC001455CE /* FZTippingEngine.m */,
			);
			name = Engine;
			sourceTree = "<group>";
		};
		C4A683CF19922BC200886624 /* Delegate */ = {
			isa = PBXGroup;
			children = (
				55A8B50A19179AED006049F5 /* ActionSuccessfullDelegate.h */,
			);
			name = Delegate;
			sourceTree = "<group>";
		};
		C4A683D019922BD700886624 /* History */ = {
			isa = PBXGroup;
			children = (
				333CA47C190158DA00F3326F /* HistoryDetailCell.h */,
				333CA47D190158DA00F3326F /* HistoryDetailCell.m */,
			);
			name = History;
			sourceTree = "<group>";
		};
		E13632FC190699CB003C687C /* PaymentViewController */ = {
			isa = PBXGroup;
			children = (
				E13632FD190699CB003C687C /* PaymentViewController.h */,
				E13632FE190699CB003C687C /* PaymentViewController.mm */,
			);
			path = PaymentViewController;
			sourceTree = "<group>";
		};
		E136330119069B0C003C687C /* Helper */ = {
			isa = PBXGroup;
			children = (
				E136330219069B0C003C687C /* InvoiceHelper.h */,
				E136330319069B0C003C687C /* InvoiceHelper.m */,
			);
			path = Helper;
			sourceTree = "<group>";
		};
		E1988F4A18D3365C00283EE4 /* CodeSource */ = {
			isa = PBXGroup;
			children = (
				C4717045199A1C96001455CE /* Engine */,
				C4A683CF19922BC200886624 /* Delegate */,
				55356193198010EF00696D93 /* Models */,
				E1AA271B18FD2967003D3A8B /* Cells */,
				E1AA227918FD145B003D3A8B /* Controllers */,
				E136330119069B0C003C687C /* Helper */,
			);
			path = CodeSource;
			sourceTree = "<group>";
		};
		E1988F4D18D3365C00283EE4 /* Configuration */ = {
			isa = PBXGroup;
			children = (
				E1988F4E18D3365C00283EE4 /* AllHeaders */,
				E1988F5018D3365C00283EE4 /* Prefix */,
				E1988F5218D3365C00283EE4 /* Resources */,
			);
			path = Configuration;
			sourceTree = "<group>";
		};
		E1988F4E18D3365C00283EE4 /* AllHeaders */ = {
			isa = PBXGroup;
			children = (
				E1988F4F18D3365C00283EE4 /* FZPayment.h */,
			);
			path = AllHeaders;
			sourceTree = "<group>";
		};
		E1988F5018D3365C00283EE4 /* Prefix */ = {
			isa = PBXGroup;
			children = (
				E1988F5118D3365C00283EE4 /* FZPayment-Prefix.pch */,
			);
			path = Prefix;
			sourceTree = "<group>";
		};
		E1988F5218D3365C00283EE4 /* Resources */ = {
			isa = PBXGroup;
			children = (
				E1988F5318D3365C00283EE4 /* FZPaymentResources-Info.plist */,
			);
			path = Resources;
			sourceTree = "<group>";
		};
		E1AA227918FD145B003D3A8B /* Controllers */ = {
			isa = PBXGroup;
			children = (
				C42FC2F0199903C700BD9F96 /* TipController */,
				E13632FC190699CB003C687C /* PaymentViewController */,
				E1AA227A18FD145B003D3A8B /* AccountBanner */,
				E1AA228018FD145B003D3A8B /* ActionSuccessful */,
				333CA473190158A000F3326F /* History */,
				E1AA22C018FD14D4003D3A8B /* PaymentCheckViewController */,
				E1AA22CA18FD14D4003D3A8B /* ScannerView */,
			);
			path = Controllers;
			sourceTree = "<group>";
		};
		E1AA227A18FD145B003D3A8B /* AccountBanner */ = {
			isa = PBXGroup;
			children = (
				E1AA227D18FD145B003D3A8B /* AccountBannerViewController.h */,
				E1AA227E18FD145B003D3A8B /* AccountBannerViewController.m */,
			);
			path = AccountBanner;
			sourceTree = "<group>";
		};
		E1AA228018FD145B003D3A8B /* ActionSuccessful */ = {
			isa = PBXGroup;
			children = (
				E1AA228118FD145B003D3A8B /* ActionSuccessfulAfterPaymentViewController.h */,
				E1AA228218FD145C003D3A8B /* ActionSuccessfulAfterPaymentViewController.m */,
				E1AA228418FD145C003D3A8B /* ActionSuccessfulViewController.h */,
				E1AA228518FD145C003D3A8B /* ActionSuccessfulViewController.m */,
			);
			path = ActionSuccessful;
			sourceTree = "<group>";
		};
		E1AA22C018FD14D4003D3A8B /* PaymentCheckViewController */ = {
			isa = PBXGroup;
			children = (
				E1AA22C118FD14D4003D3A8B /* PaymentCheckViewController.h */,
				E1AA22C218FD14D4003D3A8B /* PaymentCheckViewController.m */,
			);
			path = PaymentCheckViewController;
			sourceTree = "<group>";
		};
		E1AA22CA18FD14D4003D3A8B /* ScannerView */ = {
			isa = PBXGroup;
			children = (
				E1AA22CB18FD14D4003D3A8B /* ScannerViewController.h */,
				E1AA22CC18FD14D4003D3A8B /* ScannerViewController.m */,
			);
			path = ScannerView;
			sourceTree = "<group>";
		};
		E1AA22D618FD15F6003D3A8B /* FZ */ = {
			isa = PBXGroup;
			children = (
				E1AA22D918FD1606003D3A8B /* Bundles */,
				E1AA22D818FD1602003D3A8B /* FWs */,
			);
			name = FZ;
			sourceTree = "<group>";
		};
		E1AA22D818FD1602003D3A8B /* FWs */ = {
			isa = PBXGroup;
			children = (
				E136333F190908A1003C687C /* FZAPI.framework */,
				E1363340190908A1003C687C /* FZBlackBox.framework */,
			);
			name = FWs;
			sourceTree = "<group>";
		};
		E1AA22D918FD1606003D3A8B /* Bundles */ = {
			isa = PBXGroup;
			children = (
				33804E53190A5BE600D7EAD9 /* FZResources-Payment.bundle */,
			);
			name = Bundles;
			sourceTree = "<group>";
		};
		E1AA271B18FD2967003D3A8B /* Cells */ = {
			isa = PBXGroup;
			children = (
				C4A683D019922BD700886624 /* History */,
			);
			name = Cells;
			path = Cell;
			sourceTree = "<group>";
		};
/* End PBXGroup section */

/* Begin PBXHeadersBuildPhase section */
		66E8B6D114D899500074EAA4 /* Headers */ = {
			isa = PBXHeadersBuildPhase;
			buildActionMask = 2147483647;
			files = (
				E1AA22A518FD145C003D3A8B /* ActionSuccessfulViewController.h in Headers */,
				C4717042199A1441001455CE /* FZTipModel.h in Headers */,
				553561B6198014D000696D93 /* FZScannerModel.h in Headers */,
				E1AA22CF18FD14D4003D3A8B /* PaymentCheckViewController.h in Headers */,
				E1AA22D418FD14D4003D3A8B /* ScannerViewController.h in Headers */,
				553561961980110B00696D93 /* FZPaymentModel.h in Headers */,
				5535619A1980112400696D93 /* FZAccountBannerModel.h in Headers */,
				333CA481190158DA00F3326F /* HistoryDetailCell.h in Headers */,
				E1AA22A118FD145C003D3A8B /* AccountBannerViewController.h in Headers */,
				C42FC2F3199903CF00BD9F96 /* FZTipViewController.h in Headers */,
				553561B21980149F00696D93 /* FZPinModel.h in Headers */,
				E13632FF190699CB003C687C /* PaymentViewController.h in Headers */,
				E136330419069B0C003C687C /* InvoiceHelper.h in Headers */,
				55A8B50B19179AED006049F5 /* ActionSuccessfullDelegate.h in Headers */,
				E1988F5F18D3365C00283EE4 /* FZPayment-Prefix.pch in Headers */,
				E1AA22A318FD145C003D3A8B /* ActionSuccessfulAfterPaymentViewController.h in Headers */,
				333CA47F190158DA00F3326F /* HistoryConfirmationCell.h in Headers */,
				C4717048199A1CAC001455CE /* FZTippingEngine.h in Headers */,
				333CA477190158A000F3326F /* HistoryViewController.h in Headers */,
				553561A2198012C000696D93 /* FZActionSuccessfulModel.h in Headers */,
				553561AA1980130000696D93 /* FZLoginModel.h in Headers */,
				553561AE1980149100696D93 /* FZPaymentCheckModel.h in Headers */,
				5535619E198012AB00696D93 /* FZActionSuccessfulAfterPaymentModel.h in Headers */,
				E1988F5E18D3365C00283EE4 /* FZPayment.h in Headers */,
				553561A6198012E200696D93 /* FZHistoryModel.h in Headers */,
			);
			runOnlyForDeploymentPostprocessing = 0;
		};
/* End PBXHeadersBuildPhase section */

/* Begin PBXNativeTarget section */
		334D868D1979113300BD3CE5 /* FZPaymentTests */ = {
			isa = PBXNativeTarget;
			buildConfigurationList = 334D86991979113300BD3CE5 /* Build configuration list for PBXNativeTarget "FZPaymentTests" */;
			buildPhases = (
				334D868A1979113300BD3CE5 /* Sources */,
				334D868B1979113300BD3CE5 /* Frameworks */,
				334D868C1979113300BD3CE5 /* Resources */,
			);
			buildRules = (
			);
			dependencies = (
			);
			name = FZPaymentTests;
			productName = FZPaymentTests;
			productReference = 334D868E1979113300BD3CE5 /* FZPaymentTests.xctest */;
			productType = "com.apple.product-type.bundle.unit-test";
		};
		66E8B6D214D899500074EAA4 /* Library */ = {
			isa = PBXNativeTarget;
			buildConfigurationList = 66E8B6E014D899500074EAA4 /* Build configuration list for PBXNativeTarget "Library" */;
			buildPhases = (
				66E8B6CF14D899500074EAA4 /* Sources */,
				66E8B6D014D899500074EAA4 /* Frameworks */,
				66E8B6D114D899500074EAA4 /* Headers */,
				66E8B6E814D8A4D10074EAA4 /* Build .a library */,
			);
			buildRules = (
			);
			dependencies = (
			);
			name = Library;
			productName = Serenity;
			productReference = 66E8B6D314D899500074EAA4 /* libFZPayment.a */;
			productType = "com.apple.product-type.library.static";
		};
/* End PBXNativeTarget section */

/* Begin PBXProject section */
		66E8B6CA14D899500074EAA4 /* Project object */ = {
			isa = PBXProject;
			attributes = {
				LastUpgradeCheck = 0630;
				ORGANIZATIONNAME = Google;
				TargetAttributes = {
					334D868D1979113300BD3CE5 = {
						CreatedOnToolsVersion = 6.0;
						TestTargetID = 66E8B6D214D899500074EAA4;
					};
				};
			};
			buildConfigurationList = 66E8B6CD14D899500074EAA4 /* Build configuration list for PBXProject "FZPayment" */;
			compatibilityVersion = "Xcode 3.2";
			developmentRegion = English;
			hasScannedForEncodings = 0;
			knownRegions = (
				en,
				fr,
				de,
				nl,
				es,
			);
			mainGroup = 66E8B6C814D899500074EAA4;
			productRefGroup = 66E8B6D414D899500074EAA4 /* Products */;
			projectDirPath = "";
			projectRoot = "";
			targets = (
				66F5F13314DB195B0068FD20 /* FZPayment */,
				66E8B6D214D899500074EAA4 /* Library */,
				334D868D1979113300BD3CE5 /* FZPaymentTests */,
			);
		};
/* End PBXProject section */

/* Begin PBXResourcesBuildPhase section */
		334D868C1979113300BD3CE5 /* Resources */ = {
			isa = PBXResourcesBuildPhase;
			buildActionMask = 2147483647;
			files = (
				C4CCE92419A348DA006CCCCE /* FZResources-Rewards.bundle in Resources */,
				C4CCE92319A348DA006CCCCE /* FZResources-P2P.bundle in Resources */,
				C4520D1B19A3361900358DA3 /* FZResources-Payment.bundle in Resources */,
				C4520D1419A3361900358DA3 /* FZResources-API.bundle in Resources */,
				C4CCE92919A349D4006CCCCE /* FZResources-CoreUI.bundle in Resources */,
				C4520D1619A3361900358DA3 /* FZResources-BlackBox.bundle in Resources */,
			);
			runOnlyForDeploymentPostprocessing = 0;
		};
/* End PBXResourcesBuildPhase section */

/* Begin PBXShellScriptBuildPhase section */
		66E8B6E814D8A4D10074EAA4 /* Build .a library */ = {
			isa = PBXShellScriptBuildPhase;
			buildActionMask = 2147483647;
			files = (
			);
			inputPaths = (
			);
			name = "Build .a library";
			outputPaths = (
			);
			runOnlyForDeploymentPostprocessing = 0;
			shellPath = /bin/sh;
			shellScript = "\n# The following conditionals come from\n# https://github.com/jverkoey/iOS-Framework\n#\n\nset -e\n\nmkdir -p \"${BUILT_PRODUCTS_DIR}/${PRODUCT_NAME}.framework/Versions/${FRAMEWORK_VERSION}/Headers\"\n\n# Link the \"Current\" version to \"${FRAMEWORK_VERSION}\"\nln -sfh ${FRAMEWORK_VERSION} \"${BUILT_PRODUCTS_DIR}/${PRODUCT_NAME}.framework/Versions/Current\"\nln -sfh Versions/Current/Headers \"${BUILT_PRODUCTS_DIR}/${PRODUCT_NAME}.framework/Headers\"\nln -sfh \"Versions/Current/${PRODUCT_NAME}\" \"${BUILT_PRODUCTS_DIR}/${PRODUCT_NAME}.framework/${PRODUCT_NAME}\"\n\n# The -a ensures that the headers maintain the source modification date so that we don't constantly\n# cause propagating rebuilds of files that import these headers.\ncp -a \"${TARGET_BUILD_DIR}/${PUBLIC_HEADERS_FOLDER_PATH}/\" \"${BUILT_PRODUCTS_DIR}/${PRODUCT_NAME}.framework/Versions/${FRAMEWORK_VERSION}/Headers\"\n";
		};
		66F5F13A14DB19B20068FD20 /* Build .framework library */ = {
			isa = PBXShellScriptBuildPhase;
			buildActionMask = 2147483647;
			files = (
			);
			inputPaths = (
			);
			name = "Build .framework library";
			outputPaths = (
			);
			runOnlyForDeploymentPostprocessing = 0;
			shellPath = /bin/sh;
			shellScript = "# The following conditionals come from\n# https://github.com/jverkoey/iOS-Framework\n#\n\n\nset -e\nset +u\n# Avoid recursively calling this script.\nif [[ $SF_MASTER_SCRIPT_RUNNING ]]\nthen\nexit 0\nfi\nset -u\nexport SF_MASTER_SCRIPT_RUNNING=1\n\nSF_TARGET_NAME=${PROJECT_NAME}\nSF_EXECUTABLE_PATH=\"lib${SF_TARGET_NAME}.a\"\nSF_WRAPPER_NAME=\"${SF_TARGET_NAME}.framework\"\n\n# The following conditionals come from\n# https://github.com/kstenerud/iOS-Universal-Framework\n\nif [[ \"$SDK_NAME\" =~ ([A-Za-z]+) ]]\nthen\nSF_SDK_PLATFORM=${BASH_REMATCH[1]}\nelse\necho \"Could not find platform name from SDK_NAME: $SDK_NAME\"\nexit 1\nfi\n\nif [[ \"$SDK_NAME\" =~ ([0-9]+.*$) ]]\nthen\nSF_SDK_VERSION=${BASH_REMATCH[1]}\nelse\necho \"Could not find sdk version from SDK_NAME: $SDK_NAME\"\nexit 1\nfi\n\nif [[ \"$SF_SDK_PLATFORM\" = \"iphoneos\" ]]\nthen\nSF_OTHER_PLATFORM=iphonesimulator\nelse\nSF_OTHER_PLATFORM=iphoneos\nfi\n\nif [[ \"$BUILT_PRODUCTS_DIR\" =~ (.*)$SF_SDK_PLATFORM$ ]]\nthen\nSF_OTHER_BUILT_PRODUCTS_DIR=\"${BASH_REMATCH[1]}${SF_OTHER_PLATFORM}\"\nelse\necho \"Could not find platform name from build products directory: $BUILT_PRODUCTS_DIR\"\nexit 1\nfi\n\n# Build the other platform.\nxcodebuild -project \"${PROJECT_FILE_PATH}\" -target \"${TARGET_NAME}\" -configuration \"${CONFIGURATION}\" -sdk ${SF_OTHER_PLATFORM}${SF_SDK_VERSION} BUILD_DIR=\"${BUILD_DIR}\" OBJROOT=\"${OBJROOT}\" BUILD_ROOT=\"${BUILD_ROOT}\" SYMROOT=\"${SYMROOT}\" $ACTION\n\n# Smash the two static libraries into one fat binary and store it in the .framework\nlipo -create \"${BUILT_PRODUCTS_DIR}/${SF_EXECUTABLE_PATH}\" \"${SF_OTHER_BUILT_PRODUCTS_DIR}/${SF_EXECUTABLE_PATH}\" -output \"${BUILT_PRODUCTS_DIR}/${SF_WRAPPER_NAME}/Versions/${FRAMEWORK_VERSION}/${SF_TARGET_NAME}\"\n\n# Copy the binary to the other architecture folder to have a complete framework in both.\ncp -a \"${BUILT_PRODUCTS_DIR}/${SF_WRAPPER_NAME}/Versions/${FRAMEWORK_VERSION}/${SF_TARGET_NAME}\" \"${SF_OTHER_BUILT_PRODUCTS_DIR}/${SF_WRAPPER_NAME}/Versions/${FRAMEWORK_VERSION}/${SF_TARGET_NAME}\"\n\n\n# Old my-self working compile SDK (Don't manage bundle project)\n\n#SIMULATOR_LIBRARY_PATH=\"${BUILD_DIR}/${CONFIGURATION}-iphonesimulator/lib${PROJECT_NAME}.a\" &&\n#DEVICE_LIBRARY_PATH=\"${BUILD_DIR}/${CONFIGURATION}-iphoneos/lib${PROJECT_NAME}.a\" &&\n#UNIVERSAL_LIBRARY_DIR=\"${BUILD_DIR}/${CONFIGURATION}-iphoneuniversal\" &&\n#UNIVERSAL_LIBRARY_PATH=\"${UNIVERSAL_LIBRARY_DIR}/${PRODUCT_NAME}\" &&\n#FRAMEWORK=\"${UNIVERSAL_LIBRARY_DIR}/${PRODUCT_NAME}.framework\" &&\n\n\n# Create framework directory structure.\n#rm -rf \"${FRAMEWORK}\" &&\n#mkdir -p \"${UNIVERSAL_LIBRARY_DIR}\" &&\n#mkdir -p \"${FRAMEWORK}/Versions/A/Headers\" &&\n#mkdir -p \"${FRAMEWORK}/Versions/A/Resources\" &&\n\n# Generate universal binary for the device and simulator.\n#lipo \"${SIMULATOR_LIBRARY_PATH}\" \"${DEVICE_LIBRARY_PATH}\" -create -output \"${UNIVERSAL_LIBRARY_PATH}\" &&\n\n# Move files to appropriate locations in framework paths.\n#cp \"${UNIVERSAL_LIBRARY_PATH}\" \"${FRAMEWORK}/Versions/A\" &&\n#ln -s \"A\" \"${FRAMEWORK}/Versions/Current\" &&\n#ln -s \"Versions/Current/Headers\" \"${FRAMEWORK}/Headers\" &&\n#ln -s \"Versions/Current/Resources\" \"${FRAMEWORK}/Resources\" &&\n#ln -s \"Versions/Current/${PRODUCT_NAME}\" \"${FRAMEWORK}/${PRODUCT_NAME}\"";
		};
/* End PBXShellScriptBuildPhase section */

/* Begin PBXSourcesBuildPhase section */
		334D868A1979113300BD3CE5 /* Sources */ = {
			isa = PBXSourcesBuildPhase;
			buildActionMask = 2147483647;
			files = (
				33B8BC65197E6F6100801933 /* ActionSuccessfulViewControllerTests.m in Sources */,
				334D869C1979117D00BD3CE5 /* PaymentViewController.mm in Sources */,
				33B8BC64197E6F6100801933 /* ActionSuccessfulAfterPaymentViewControllerTests.m in Sources */,
				C4717044199A1441001455CE /* FZTipModel.m in Sources */,
				334D869F1979117D00BD3CE5 /* ActionSuccessfulViewController.m in Sources */,
				334D86A01979117D00BD3CE5 /* HistoryViewController.m in Sources */,
				33B8BC68197E6F6100801933 /* PaymentViewControllerTests.m in Sources */,
				334D86A11979117D00BD3CE5 /* HistoryConfirmationCell.m in Sources */,
				334D86A21979117D00BD3CE5 /* HistoryDetailCell.m in Sources */,
				33B8BC67197E6F6100801933 /* PaymentCheckViewControllerTests.m in Sources */,
				33B8BC66197E6F6100801933 /* LoginViewControllerTests.m in Sources */,
				334D86A81979117D00BD3CE5 /* InvoiceHelper.m in Sources */,
				C42FC2F5199903D100BD9F96 /* FZTipViewController.m in Sources */,
				334D86A41979117D00BD3CE5 /* PaymentCheckViewController.m in Sources */,
				334D86931979113300BD3CE5 /* FZPaymentTests.m in Sources */,
				334D86A61979117D00BD3CE5 /* ScannerViewController.m in Sources */,
				334D869D1979117D00BD3CE5 /* AccountBannerViewController.m in Sources */,
				33B8BC69197E6F6100801933 /* PinViewControllerTests.m in Sources */,
				334D869E1979117D00BD3CE5 /* ActionSuccessfulAfterPaymentViewController.m in Sources */,
				C471704A199A1CAC001455CE /* FZTippingEngine.m in Sources */,
			);
			runOnlyForDeploymentPostprocessing = 0;
		};
		66E8B6CF14D899500074EAA4 /* Sources */ = {
			isa = PBXSourcesBuildPhase;
			buildActionMask = 2147483647;
			files = (
				C42FC2F4199903CF00BD9F96 /* FZTipViewController.m in Sources */,
				553561AB1980130000696D93 /* FZLoginModel.m in Sources */,
				553561A7198012E200696D93 /* FZHistoryModel.m in Sources */,
				C4717049199A1CAC001455CE /* FZTippingEngine.m in Sources */,
				333CA478190158A000F3326F /* HistoryViewController.m in Sources */,
				E1AA22A618FD145C003D3A8B /* ActionSuccessfulViewController.m in Sources */,
				E1AA22A218FD145C003D3A8B /* AccountBannerViewController.m in Sources */,
				E136330519069B0C003C687C /* InvoiceHelper.m in Sources */,
				E1363300190699CB003C687C /* PaymentViewController.mm in Sources */,
				E1AA22D018FD14D4003D3A8B /* PaymentCheckViewController.m in Sources */,
				553561AF1980149100696D93 /* FZPaymentCheckModel.m in Sources */,
				E1AA22A418FD145C003D3A8B /* ActionSuccessfulAfterPaymentViewController.m in Sources */,
				E1AA22D518FD14D4003D3A8B /* ScannerViewController.m in Sources */,
				333CA482190158DA00F3326F /* HistoryDetailCell.m in Sources */,
				553561B31980149F00696D93 /* FZPinModel.m in Sources */,
				553561971980110B00696D93 /* FZPaymentModel.m in Sources */,
				5535619F198012AB00696D93 /* FZActionSuccessfulAfterPaymentModel.m in Sources */,
				5535619B1980112400696D93 /* FZAccountBannerModel.m in Sources */,
				333CA480190158DA00F3326F /* HistoryConfirmationCell.m in Sources */,
				C4717043199A1441001455CE /* FZTipModel.m in Sources */,
				553561B7198014D000696D93 /* FZScannerModel.m in Sources */,
				553561A3198012C000696D93 /* FZActionSuccessfulModel.m in Sources */,
			);
			runOnlyForDeploymentPostprocessing = 0;
		};
/* End PBXSourcesBuildPhase section */

/* Begin PBXTargetDependency section */
		66F5F13914DB19940068FD20 /* PBXTargetDependency */ = {
			isa = PBXTargetDependency;
			target = 66E8B6D214D899500074EAA4 /* Library */;
			targetProxy = 66F5F13814DB19940068FD20 /* PBXContainerItemProxy */;
		};
/* End PBXTargetDependency section */

/* Begin XCBuildConfiguration section */
		334D86971979113300BD3CE5 /* Debug */ = {
			isa = XCBuildConfiguration;
			buildSettings = {
				CLANG_CXX_LANGUAGE_STANDARD = "gnu++0x";
				CLANG_CXX_LIBRARY = "libc++";
				CLANG_ENABLE_MODULES = YES;
				CLANG_ENABLE_OBJC_ARC = NO;
				CLANG_WARN_DIRECT_OBJC_ISA_USAGE = YES_ERROR;
				CLANG_WARN_OBJC_ROOT_CLASS = YES_ERROR;
				CLANG_WARN_UNREACHABLE_CODE = YES;
				ENABLE_STRICT_OBJC_MSGSEND = NO;
				FRAMEWORK_SEARCH_PATHS = "";
				GCC_GENERATE_DEBUGGING_SYMBOLS = YES;
				GCC_PREFIX_HEADER = "FZPaymentTests/FZPaymentTests-Prefix.pch";
				GCC_PREPROCESSOR_DEFINITIONS = (
					"DEBUG=1",
					"$(inherited)",
				);
				GCC_WARN_ABOUT_RETURN_TYPE = YES_ERROR;
				GCC_WARN_UNINITIALIZED_AUTOS = YES_AGGRESSIVE;
				INFOPLIST_FILE = FZPaymentTests/Info.plist;
				IPHONEOS_DEPLOYMENT_TARGET = 8.0;
				LD_RUNPATH_SEARCH_PATHS = "$(inherited) @executable_path/Frameworks @loader_path/Frameworks";
				LIBRARY_SEARCH_PATHS = "";
				METAL_ENABLE_DEBUG_INFO = YES;
				ONLY_ACTIVE_ARCH = NO;
				OTHER_LDFLAGS = (
					"$(inherited)",
					"-framework",
					XCTest,
					"-ObjC",
				);
				PRODUCT_NAME = "$(TARGET_NAME)";
				VALID_ARCHS = "armv7 armv7s arm64";
			};
			name = Debug;
		};
		334D86981979113300BD3CE5 /* Release */ = {
			isa = XCBuildConfiguration;
			buildSettings = {
				CLANG_CXX_LANGUAGE_STANDARD = "gnu++0x";
				CLANG_CXX_LIBRARY = "libc++";
				CLANG_ENABLE_MODULES = YES;
				CLANG_ENABLE_OBJC_ARC = NO;
				CLANG_WARN_DIRECT_OBJC_ISA_USAGE = YES_ERROR;
				CLANG_WARN_OBJC_ROOT_CLASS = YES_ERROR;
				CLANG_WARN_UNREACHABLE_CODE = YES;
				ENABLE_NS_ASSERTIONS = NO;
				ENABLE_STRICT_OBJC_MSGSEND = NO;
				FRAMEWORK_SEARCH_PATHS = "";
				GCC_GENERATE_DEBUGGING_SYMBOLS = YES;
				GCC_PREFIX_HEADER = "FZPaymentTests/FZPaymentTests-Prefix.pch";
				GCC_PREPROCESSOR_DEFINITIONS = "";
				GCC_WARN_ABOUT_RETURN_TYPE = YES_ERROR;
				GCC_WARN_UNINITIALIZED_AUTOS = YES_AGGRESSIVE;
				INFOPLIST_FILE = FZPaymentTests/Info.plist;
				IPHONEOS_DEPLOYMENT_TARGET = 8.0;
				LD_RUNPATH_SEARCH_PATHS = "$(inherited) @executable_path/Frameworks @loader_path/Frameworks";
				LIBRARY_SEARCH_PATHS = "";
				METAL_ENABLE_DEBUG_INFO = NO;
				OTHER_LDFLAGS = (
					"$(inherited)",
					"-framework",
					XCTest,
					"-ObjC",
				);
				PRODUCT_NAME = "$(TARGET_NAME)";
				VALID_ARCHS = "armv7 armv7s arm64";
			};
			name = Release;
		};
		66E8B6DE14D899500074EAA4 /* Debug */ = {
			isa = XCBuildConfiguration;
			buildSettings = {
				ALWAYS_SEARCH_USER_PATHS = NO;
				CLANG_WARN_BOOL_CONVERSION = YES;
				CLANG_WARN_CONSTANT_CONVERSION = YES;
				CLANG_WARN_EMPTY_BODY = YES;
				CLANG_WARN_ENUM_CONVERSION = YES;
				CLANG_WARN_INT_CONVERSION = YES;
				CLANG_WARN_UNREACHABLE_CODE = YES;
				CLANG_WARN__DUPLICATE_METHOD_MATCH = YES;
				COPY_PHASE_STRIP = NO;
				ENABLE_STRICT_OBJC_MSGSEND = YES;
				GCC_C_LANGUAGE_STANDARD = gnu99;
				GCC_DYNAMIC_NO_PIC = NO;
				GCC_GENERATE_DEBUGGING_SYMBOLS = YES;
				GCC_NO_COMMON_BLOCKS = YES;
				GCC_OPTIMIZATION_LEVEL = 0;
				GCC_PREPROCESSOR_DEFINITIONS = (
					"DEBUG=1",
					"$(inherited)",
				);
				GCC_SYMBOLS_PRIVATE_EXTERN = NO;
				GCC_VERSION = com.apple.compilers.llvm.clang.1_0;
				GCC_WARN_64_TO_32_BIT_CONVERSION = YES;
				GCC_WARN_ABOUT_MISSING_PROTOTYPES = YES;
				GCC_WARN_ABOUT_RETURN_TYPE = YES;
				GCC_WARN_UNDECLARED_SELECTOR = YES;
				GCC_WARN_UNINITIALIZED_AUTOS = YES;
				GCC_WARN_UNUSED_FUNCTION = YES;
				GCC_WARN_UNUSED_VARIABLE = YES;
				IPHONEOS_DEPLOYMENT_TARGET = 7.0;
				ONLY_ACTIVE_ARCH = YES;
				SDKROOT = iphoneos;
				VALIDATE_PRODUCT = YES;
			};
			name = Debug;
		};
		66E8B6DF14D899500074EAA4 /* Release */ = {
			isa = XCBuildConfiguration;
			buildSettings = {
				ALWAYS_SEARCH_USER_PATHS = NO;
				CLANG_WARN_BOOL_CONVERSION = YES;
				CLANG_WARN_CONSTANT_CONVERSION = YES;
				CLANG_WARN_EMPTY_BODY = YES;
				CLANG_WARN_ENUM_CONVERSION = YES;
				CLANG_WARN_INT_CONVERSION = YES;
				CLANG_WARN_UNREACHABLE_CODE = YES;
				CLANG_WARN__DUPLICATE_METHOD_MATCH = YES;
				COPY_PHASE_STRIP = YES;
				ENABLE_STRICT_OBJC_MSGSEND = YES;
				GCC_C_LANGUAGE_STANDARD = gnu99;
				GCC_GENERATE_DEBUGGING_SYMBOLS = YES;
				GCC_NO_COMMON_BLOCKS = YES;
				GCC_VERSION = com.apple.compilers.llvm.clang.1_0;
				GCC_WARN_64_TO_32_BIT_CONVERSION = YES;
				GCC_WARN_ABOUT_MISSING_PROTOTYPES = YES;
				GCC_WARN_ABOUT_RETURN_TYPE = YES;
				GCC_WARN_UNDECLARED_SELECTOR = YES;
				GCC_WARN_UNINITIALIZED_AUTOS = YES;
				GCC_WARN_UNUSED_FUNCTION = YES;
				GCC_WARN_UNUSED_VARIABLE = YES;
				IPHONEOS_DEPLOYMENT_TARGET = 7.0;
				ONLY_ACTIVE_ARCH = NO;
				SDKROOT = iphoneos;
				VALIDATE_PRODUCT = YES;
			};
			name = Release;
		};
		66E8B6E114D899500074EAA4 /* Debug */ = {
			isa = XCBuildConfiguration;
			buildSettings = {
				COPY_PHASE_STRIP = NO;
				DEAD_CODE_STRIPPING = NO;
				DSTROOT = /tmp/ODiSyFramework.dst;
				FRAMEWORK_SEARCH_PATHS = "$(inherited)";
				FRAMEWORK_VERSION = 1.0.0;
				GCC_GENERATE_DEBUGGING_SYMBOLS = YES;
				GCC_PRECOMPILE_PREFIX_HEADER = YES;
				GCC_PREFIX_HEADER = "Configuration/Prefix/FZPayment-Prefix.pch";
				GENERATE_MASTER_OBJECT_FILE = YES;
				LIBRARY_SEARCH_PATHS = "";
				ONLY_ACTIVE_ARCH = NO;
				OTHER_LDFLAGS = "";
				PRODUCT_NAME = FZPayment;
				PUBLIC_HEADERS_FOLDER_PATH = "$(PROJECT_NAME)Headers";
				SKIP_INSTALL = YES;
				STRIP_STYLE = "non-global";
			};
			name = Debug;
		};
		66E8B6E214D899500074EAA4 /* Release */ = {
			isa = XCBuildConfiguration;
			buildSettings = {
				COPY_PHASE_STRIP = NO;
				DEAD_CODE_STRIPPING = NO;
				DSTROOT = /tmp/ODiSyFramework.dst;
				FRAMEWORK_SEARCH_PATHS = "$(inherited)";
				FRAMEWORK_VERSION = 1.0.0;
				GCC_GENERATE_DEBUGGING_SYMBOLS = YES;
				GCC_PRECOMPILE_PREFIX_HEADER = YES;
				GCC_PREFIX_HEADER = "Configuration/Prefix/FZPayment-Prefix.pch";
				GENERATE_MASTER_OBJECT_FILE = YES;
				LIBRARY_SEARCH_PATHS = "";
				ONLY_ACTIVE_ARCH = NO;
				OTHER_LDFLAGS = "";
				PRODUCT_NAME = FZPayment;
				PUBLIC_HEADERS_FOLDER_PATH = "$(PROJECT_NAME)Headers";
				SKIP_INSTALL = YES;
				STRIP_STYLE = "non-global";
			};
			name = Release;
		};
		66F5F13414DB195B0068FD20 /* Debug */ = {
			isa = XCBuildConfiguration;
			buildSettings = {
				FRAMEWORK_VERSION = 1.0.0;
				ONLY_ACTIVE_ARCH = NO;
				PRODUCT_NAME = FZPayment;
				PUBLIC_HEADERS_FOLDER_PATH = "$(PROJECT_NAME)Headers";
			};
			name = Debug;
		};
		66F5F13514DB195B0068FD20 /* Release */ = {
			isa = XCBuildConfiguration;
			buildSettings = {
				FRAMEWORK_VERSION = 1.0.0;
				ONLY_ACTIVE_ARCH = NO;
				PRODUCT_NAME = FZPayment;
				PUBLIC_HEADERS_FOLDER_PATH = "$(PROJECT_NAME)Headers";
			};
			name = Release;
		};
/* End XCBuildConfiguration section */

/* Begin XCConfigurationList section */
		334D86991979113300BD3CE5 /* Build configuration list for PBXNativeTarget "FZPaymentTests" */ = {
			isa = XCConfigurationList;
			buildConfigurations = (
				334D86971979113300BD3CE5 /* Debug */,
				334D86981979113300BD3CE5 /* Release */,
			);
			defaultConfigurationIsVisible = 0;
			defaultConfigurationName = Release;
		};
		66E8B6CD14D899500074EAA4 /* Build configuration list for PBXProject "FZPayment" */ = {
			isa = XCConfigurationList;
			buildConfigurations = (
				66E8B6DE14D899500074EAA4 /* Debug */,
				66E8B6DF14D899500074EAA4 /* Release */,
			);
			defaultConfigurationIsVisible = 0;
			defaultConfigurationName = Release;
		};
		66E8B6E014D899500074EAA4 /* Build configuration list for PBXNativeTarget "Library" */ = {
			isa = XCConfigurationList;
			buildConfigurations = (
				66E8B6E114D899500074EAA4 /* Debug */,
				66E8B6E214D899500074EAA4 /* Release */,
			);
			defaultConfigurationIsVisible = 0;
			defaultConfigurationName = Release;
		};
		66F5F13614DB195B0068FD20 /* Build configuration list for PBXAggregateTarget "FZPayment" */ = {
			isa = XCConfigurationList;
			buildConfigurations = (
				66F5F13414DB195B0068FD20 /* Debug */,
				66F5F13514DB195B0068FD20 /* Release */,
			);
			defaultConfigurationIsVisible = 0;
			defaultConfigurationName = Release;
		};
/* End XCConfigurationList section */
	};
	rootObject = 66E8B6CA14D899500074EAA4 /* Project object */;
}
