// !$*UTF8*$!
{
	archiveVersion = 1;
	classes = {
	};
	objectVersion = 46;
	objects = {

/* Begin PBXAggregateTarget section */
		66F5F13314DB195B0068FD20 /* FZP2P */ = {
			isa = PBXAggregateTarget;
			buildConfigurationList = 66F5F13614DB195B0068FD20 /* Build configuration list for PBXAggregateTarget "FZP2P" */;
			buildPhases = (
				66F5F13A14DB19B20068FD20 /* Build .framework library */,
			);
			dependencies = (
				66F5F13914DB19940068FD20 /* PBXTargetDependency */,
			);
			name = FZP2P;
			productName = Framework;
		};
/* End PBXAggregateTarget section */

/* Begin PBXBuildFile section */
		33AB9514197FA22000E08274 /* TransferReceiveStep1ViewControllerTests.m in Sources */ = {isa = PBXBuildFile; fileRef = 33AB9511197FA22000E08274 /* TransferReceiveStep1ViewControllerTests.m */; };
		33AB9515197FA22000E08274 /* TransferReceiveStep2ViewControllerTests.m in Sources */ = {isa = PBXBuildFile; fileRef = 33AB9512197FA22000E08274 /* TransferReceiveStep2ViewControllerTests.m */; };
		33B8BC8C197E6FD500801933 /* TransferHomeViewControllerTests.m in Sources */ = {isa = PBXBuildFile; fileRef = 33B8BC8B197E6FD500801933 /* TransferHomeViewControllerTests.m */; };
		552979FD19990D67009D6A65 /* AVFoundation.framework in Frameworks */ = {isa = PBXBuildFile; fileRef = 552979FC19990D67009D6A65 /* AVFoundation.framework */; };
		552979FE19990D8B009D6A65 /* FZAmountHelper.m in Sources */ = {isa = PBXBuildFile; fileRef = E1A43F691901623B005A6746 /* FZAmountHelper.m */; };
		553562311980F1A300696D93 /* FZTransferHomeModel.h in Headers */ = {isa = PBXBuildFile; fileRef = 5535622F1980F1A300696D93 /* FZTransferHomeModel.h */; };
		553562321980F1A300696D93 /* FZTransferHomeModel.m in Sources */ = {isa = PBXBuildFile; fileRef = 553562301980F1A300696D93 /* FZTransferHomeModel.m */; };
		553562351980F1CB00696D93 /* FZTransferReceiveStep1Model.h in Headers */ = {isa = PBXBuildFile; fileRef = 553562331980F1CB00696D93 /* FZTransferReceiveStep1Model.h */; };
		553562361980F1CB00696D93 /* FZTransferReceiveStep1Model.m in Sources */ = {isa = PBXBuildFile; fileRef = 553562341980F1CB00696D93 /* FZTransferReceiveStep1Model.m */; };
		553562391980F1E000696D93 /* FZTransferReceiveStep2Model.h in Headers */ = {isa = PBXBuildFile; fileRef = 553562371980F1E000696D93 /* FZTransferReceiveStep2Model.h */; };
		5535623A1980F1E000696D93 /* FZTransferReceiveStep2Model.m in Sources */ = {isa = PBXBuildFile; fileRef = 553562381980F1E000696D93 /* FZTransferReceiveStep2Model.m */; };
		5535623D1980F1F600696D93 /* FZTransferStep1Model.h in Headers */ = {isa = PBXBuildFile; fileRef = 5535623B1980F1F600696D93 /* FZTransferStep1Model.h */; };
		5535623E1980F1F600696D93 /* FZTransferStep1Model.m in Sources */ = {isa = PBXBuildFile; fileRef = 5535623C1980F1F600696D93 /* FZTransferStep1Model.m */; };
		556F54F2199906150070E020 /* TransferHomeViewController.m in Sources */ = {isa = PBXBuildFile; fileRef = E1A43F5A1901610D005A6746 /* TransferHomeViewController.m */; };
		55C1FA861998FD3A001C97D1 /* FZTransferReceiveStep1ViewController.m in Sources */ = {isa = PBXBuildFile; fileRef = E1A43F531901610D005A6746 /* FZTransferReceiveStep1ViewController.m */; };
		55C1FA871998FD43001C97D1 /* TransferReceiveStep2ViewController.m in Sources */ = {isa = PBXBuildFile; fileRef = E1A43F551901610D005A6746 /* TransferReceiveStep2ViewController.m */; };
		C452103019A338FF00358DA3 /* FZP2P.framework in Frameworks */ = {isa = PBXBuildFile; fileRef = C4520FEF19A338FE00358DA3 /* FZP2P.framework */; };
		C452103819A338FF00358DA3 /* FZResources-P2P.bundle in Resources */ = {isa = PBXBuildFile; fileRef = C452101219A338FE00358DA3 /* FZResources-P2P.bundle */; };
		C4CCE92E19A350AD006CCCCE /* FZAPI.framework in Frameworks */ = {isa = PBXBuildFile; fileRef = C4CCE92A19A350AD006CCCCE /* FZAPI.framework */; };
		C4CCE92F19A350AD006CCCCE /* FZBlackBox.framework in Frameworks */ = {isa = PBXBuildFile; fileRef = C4CCE92B19A350AD006CCCCE /* FZBlackBox.framework */; };
		C4CCE93019A350AD006CCCCE /* FZResources-API.bundle in Resources */ = {isa = PBXBuildFile; fileRef = C4CCE92C19A350AD006CCCCE /* FZResources-API.bundle */; };
		C4CCE93119A350AD006CCCCE /* FZResources-BlackBox.bundle in Resources */ = {isa = PBXBuildFile; fileRef = C4CCE92D19A350AD006CCCCE /* FZResources-BlackBox.bundle */; };
		E1988F5E18D3365C00283EE4 /* FZP2P.h in Headers */ = {isa = PBXBuildFile; fileRef = E1988F4F18D3365C00283EE4 /* FZP2P.h */; settings = {ATTRIBUTES = (Public, ); }; };
		E1988F5F18D3365C00283EE4 /* FZP2P-Prefix.pch in Headers */ = {isa = PBXBuildFile; fileRef = E1988F5118D3365C00283EE4 /* FZP2P-Prefix.pch */; };
		E1A43F5D1901610D005A6746 /* FZTransferReceiveStep1ViewController.h in Headers */ = {isa = PBXBuildFile; fileRef = E1A43F521901610D005A6746 /* FZTransferReceiveStep1ViewController.h */; settings = {ATTRIBUTES = (Public, ); }; };
		E1A43F5E1901610D005A6746 /* FZTransferReceiveStep1ViewController.m in Sources */ = {isa = PBXBuildFile; fileRef = E1A43F531901610D005A6746 /* FZTransferReceiveStep1ViewController.m */; };
		E1A43F5F1901610D005A6746 /* TransferReceiveStep2ViewController.h in Headers */ = {isa = PBXBuildFile; fileRef = E1A43F541901610D005A6746 /* TransferReceiveStep2ViewController.h */; settings = {ATTRIBUTES = (Public, ); }; };
		E1A43F601901610D005A6746 /* TransferReceiveStep2ViewController.m in Sources */ = {isa = PBXBuildFile; fileRef = E1A43F551901610D005A6746 /* TransferReceiveStep2ViewController.m */; };
		E1A43F611901610D005A6746 /* TransferStep1ViewController.h in Headers */ = {isa = PBXBuildFile; fileRef = E1A43F571901610D005A6746 /* TransferStep1ViewController.h */; settings = {ATTRIBUTES = (Public, ); }; };
		E1A43F621901610D005A6746 /* TransferStep1ViewController.m in Sources */ = {isa = PBXBuildFile; fileRef = E1A43F581901610D005A6746 /* TransferStep1ViewController.m */; };
		E1A43F631901610D005A6746 /* TransferHomeViewController.h in Headers */ = {isa = PBXBuildFile; fileRef = E1A43F591901610D005A6746 /* TransferHomeViewController.h */; settings = {ATTRIBUTES = (Public, ); }; };
		E1A43F641901610D005A6746 /* TransferHomeViewController.m in Sources */ = {isa = PBXBuildFile; fileRef = E1A43F5A1901610D005A6746 /* TransferHomeViewController.m */; };
		E1A43F6A1901623B005A6746 /* FZAmountHelper.h in Headers */ = {isa = PBXBuildFile; fileRef = E1A43F681901623B005A6746 /* FZAmountHelper.h */; settings = {ATTRIBUTES = (Public, ); }; };
		E1A43F6B1901623B005A6746 /* FZAmountHelper.m in Sources */ = {isa = PBXBuildFile; fileRef = E1A43F691901623B005A6746 /* FZAmountHelper.m */; };
/* End PBXBuildFile section */

/* Begin PBXContainerItemProxy section */
		33B8BC59197E6F1F00801933 /* PBXContainerItemProxy */ = {
			isa = PBXContainerItemProxy;
			containerPortal = 66E8B6CA14D899500074EAA4 /* Project object */;
			proxyType = 1;
			remoteGlobalIDString = 66E8B6D214D899500074EAA4;
			remoteInfo = Library;
		};
		66F5F13814DB19940068FD20 /* PBXContainerItemProxy */ = {
			isa = PBXContainerItemProxy;
			containerPortal = 66E8B6CA14D899500074EAA4 /* Project object */;
			proxyType = 1;
			remoteGlobalIDString = 66E8B6D214D899500074EAA4;
			remoteInfo = Serenity;
		};
/* End PBXContainerItemProxy section */

/* Begin PBXFileReference section */
		33AB9511197FA22000E08274 /* TransferReceiveStep1ViewControllerTests.m */ = {isa = PBXFileReference; fileEncoding = 4; lastKnownFileType = sourcecode.c.objc; name = TransferReceiveStep1ViewControllerTests.m; path = ViewControllerTests/TransferReceiveStep1ViewControllerTests.m; sourceTree = "<group>"; };
		33AB9512197FA22000E08274 /* TransferReceiveStep2ViewControllerTests.m */ = {isa = PBXFileReference; fileEncoding = 4; lastKnownFileType = sourcecode.c.objc; name = TransferReceiveStep2ViewControllerTests.m; path = ViewControllerTests/TransferReceiveStep2ViewControllerTests.m; sourceTree = "<group>"; };
		33B8BC52197E6F1F00801933 /* FZP2PTests.xctest */ = {isa = PBXFileReference; explicitFileType = wrapper.cfbundle; includeInIndex = 0; path = FZP2PTests.xctest; sourceTree = BUILT_PRODUCTS_DIR; };
		33B8BC55197E6F1F00801933 /* Info.plist */ = {isa = PBXFileReference; lastKnownFileType = text.plist.xml; path = Info.plist; sourceTree = "<group>"; };
		33B8BC6A197E6F8000801933 /* FZP2PTests-Prefix.pch */ = {isa = PBXFileReference; fileEncoding = 4; lastKnownFileType = sourcecode.c.h; path = "FZP2PTests-Prefix.pch"; sourceTree = "<group>"; };
		33B8BC8B197E6FD500801933 /* TransferHomeViewControllerTests.m */ = {isa = PBXFileReference; fileEncoding = 4; lastKnownFileType = sourcecode.c.objc; name = TransferHomeViewControllerTests.m; path = ViewControllerTests/TransferHomeViewControllerTests.m; sourceTree = "<group>"; };
		552979FC19990D67009D6A65 /* AVFoundation.framework */ = {isa = PBXFileReference; lastKnownFileType = wrapper.framework; name = AVFoundation.framework; path = System/Library/Frameworks/AVFoundation.framework; sourceTree = SDKROOT; };
		5535622F1980F1A300696D93 /* FZTransferHomeModel.h */ = {isa = PBXFileReference; fileEncoding = 4; lastKnownFileType = sourcecode.c.h; path = FZTransferHomeModel.h; sourceTree = "<group>"; };
		553562301980F1A300696D93 /* FZTransferHomeModel.m */ = {isa = PBXFileReference; fileEncoding = 4; lastKnownFileType = sourcecode.c.objc; path = FZTransferHomeModel.m; sourceTree = "<group>"; };
		553562331980F1CB00696D93 /* FZTransferReceiveStep1Model.h */ = {isa = PBXFileReference; fileEncoding = 4; lastKnownFileType = sourcecode.c.h; path = FZTransferReceiveStep1Model.h; sourceTree = "<group>"; };
		553562341980F1CB00696D93 /* FZTransferReceiveStep1Model.m */ = {isa = PBXFileReference; fileEncoding = 4; lastKnownFileType = sourcecode.c.objc; path = FZTransferReceiveStep1Model.m; sourceTree = "<group>"; };
		553562371980F1E000696D93 /* FZTransferReceiveStep2Model.h */ = {isa = PBXFileReference; fileEncoding = 4; lastKnownFileType = sourcecode.c.h; path = FZTransferReceiveStep2Model.h; sourceTree = "<group>"; };
		553562381980F1E000696D93 /* FZTransferReceiveStep2Model.m */ = {isa = PBXFileReference; fileEncoding = 4; lastKnownFileType = sourcecode.c.objc; path = FZTransferReceiveStep2Model.m; sourceTree = "<group>"; };
		5535623B1980F1F600696D93 /* FZTransferStep1Model.h */ = {isa = PBXFileReference; fileEncoding = 4; lastKnownFileType = sourcecode.c.h; path = FZTransferStep1Model.h; sourceTree = "<group>"; };
		5535623C1980F1F600696D93 /* FZTransferStep1Model.m */ = {isa = PBXFileReference; fileEncoding = 4; lastKnownFileType = sourcecode.c.objc; path = FZTransferStep1Model.m; sourceTree = "<group>"; };
		664A268414E3222700C297E6 /* CoreFoundation.framework */ = {isa = PBXFileReference; lastKnownFileType = wrapper.framework; name = CoreFoundation.framework; path = System/Library/Frameworks/CoreFoundation.framework; sourceTree = SDKROOT; };
		66E8B6D314D899500074EAA4 /* libFZP2P.a */ = {isa = PBXFileReference; explicitFileType = archive.ar; includeInIndex = 0; path = libFZP2P.a; sourceTree = BUILT_PRODUCTS_DIR; };
		66E8B6D614D899500074EAA4 /* Foundation.framework */ = {isa = PBXFileReference; lastKnownFileType = wrapper.framework; name = Foundation.framework; path = System/Library/Frameworks/Foundation.framework; sourceTree = SDKROOT; };
		C4520FEF19A338FE00358DA3 /* FZP2P.framework */ = {isa = PBXFileReference; lastKnownFileType = wrapper.framework; path = FZP2P.framework; sourceTree = "<group>"; };
		C452101219A338FE00358DA3 /* FZResources-P2P.bundle */ = {isa = PBXFileReference; lastKnownFileType = "wrapper.plug-in"; path = "FZResources-P2P.bundle"; sourceTree = "<group>"; };
		C4CCE92A19A350AD006CCCCE /* FZAPI.framework */ = {isa = PBXFileReference; lastKnownFileType = wrapper.framework; path = FZAPI.framework; sourceTree = "<group>"; };
		C4CCE92B19A350AD006CCCCE /* FZBlackBox.framework */ = {isa = PBXFileReference; lastKnownFileType = wrapper.framework; path = FZBlackBox.framework; sourceTree = "<group>"; };
		C4CCE92C19A350AD006CCCCE /* FZResources-API.bundle */ = {isa = PBXFileReference; lastKnownFileType = "wrapper.plug-in"; path = "FZResources-API.bundle"; sourceTree = "<group>"; };
		C4CCE92D19A350AD006CCCCE /* FZResources-BlackBox.bundle */ = {isa = PBXFileReference; lastKnownFileType = "wrapper.plug-in"; path = "FZResources-BlackBox.bundle"; sourceTree = "<group>"; };
		E1988F4F18D3365C00283EE4 /* FZP2P.h */ = {isa = PBXFileReference; fileEncoding = 4; lastKnownFileType = sourcecode.c.h; path = FZP2P.h; sourceTree = "<group>"; };
		E1988F5118D3365C00283EE4 /* FZP2P-Prefix.pch */ = {isa = PBXFileReference; fileEncoding = 4; lastKnownFileType = sourcecode.c.h; path = "FZP2P-Prefix.pch"; sourceTree = "<group>"; };
		E1988F5318D3365C00283EE4 /* FZP2PResources-Info.plist */ = {isa = PBXFileReference; fileEncoding = 4; lastKnownFileType = text.plist.xml; path = "FZP2PResources-Info.plist"; sourceTree = "<group>"; };
		E19A76AA18D6DF9B0037BD02 /* UIKit.framework */ = {isa = PBXFileReference; lastKnownFileType = wrapper.framework; name = UIKit.framework; path = System/Library/Frameworks/UIKit.framework; sourceTree = SDKROOT; };
		E1A43F521901610D005A6746 /* FZTransferReceiveStep1ViewController.h */ = {isa = PBXFileReference; fileEncoding = 4; lastKnownFileType = sourcecode.c.h; path = FZTransferReceiveStep1ViewController.h; sourceTree = "<group>"; };
		E1A43F531901610D005A6746 /* FZTransferReceiveStep1ViewController.m */ = {isa = PBXFileReference; fileEncoding = 4; lastKnownFileType = sourcecode.c.objc; path = FZTransferReceiveStep1ViewController.m; sourceTree = "<group>"; };
		E1A43F541901610D005A6746 /* TransferReceiveStep2ViewController.h */ = {isa = PBXFileReference; fileEncoding = 4; lastKnownFileType = sourcecode.c.h; path = TransferReceiveStep2ViewController.h; sourceTree = "<group>"; };
		E1A43F551901610D005A6746 /* TransferReceiveStep2ViewController.m */ = {isa = PBXFileReference; fileEncoding = 4; lastKnownFileType = sourcecode.c.objc; path = TransferReceiveStep2ViewController.m; sourceTree = "<group>"; };
		E1A43F571901610D005A6746 /* TransferStep1ViewController.h */ = {isa = PBXFileReference; fileEncoding = 4; lastKnownFileType = sourcecode.c.h; path = TransferStep1ViewController.h; sourceTree = "<group>"; };
		E1A43F581901610D005A6746 /* TransferStep1ViewController.m */ = {isa = PBXFileReference; fileEncoding = 4; lastKnownFileType = sourcecode.c.objc; path = TransferStep1ViewController.m; sourceTree = "<group>"; };
		E1A43F591901610D005A6746 /* TransferHomeViewController.h */ = {isa = PBXFileReference; fileEncoding = 4; lastKnownFileType = sourcecode.c.h; path = TransferHomeViewController.h; sourceTree = "<group>"; };
		E1A43F5A1901610D005A6746 /* TransferHomeViewController.m */ = {isa = PBXFileReference; fileEncoding = 4; lastKnownFileType = sourcecode.c.objc; path = TransferHomeViewController.m; sourceTree = "<group>"; };
		E1A43F681901623B005A6746 /* FZAmountHelper.h */ = {isa = PBXFileReference; fileEncoding = 4; lastKnownFileType = sourcecode.c.h; path = FZAmountHelper.h; sourceTree = "<group>"; };
		E1A43F691901623B005A6746 /* FZAmountHelper.m */ = {isa = PBXFileReference; fileEncoding = 4; lastKnownFileType = sourcecode.c.objc; path = FZAmountHelper.m; sourceTree = "<group>"; };
/* End PBXFileReference section */

/* Begin PBXFrameworksBuildPhase section */
		33B8BC4F197E6F1F00801933 /* Frameworks */ = {
			isa = PBXFrameworksBuildPhase;
			buildActionMask = 2147483647;
			files = (
				C4CCE92E19A350AD006CCCCE /* FZAPI.framework in Frameworks */,
				C452103019A338FF00358DA3 /* FZP2P.framework in Frameworks */,
				C4CCE92F19A350AD006CCCCE /* FZBlackBox.framework in Frameworks */,
				552979FD19990D67009D6A65 /* AVFoundation.framework in Frameworks */,
			);
			runOnlyForDeploymentPostprocessing = 0;
		};
		66E8B6D014D899500074EAA4 /* Frameworks */ = {
			isa = PBXFrameworksBuildPhase;
			buildActionMask = 2147483647;
			files = (
			);
			runOnlyForDeploymentPostprocessing = 0;
		};
/* End PBXFrameworksBuildPhase section */

/* Begin PBXGroup section */
		33B8BC53197E6F1F00801933 /* FZP2PTests */ = {
			isa = PBXGroup;
			children = (
				C4520F3B19A338FE00358DA3 /* _FZFWS */,
				33B8BC88197E6FA000801933 /* ViewControllerTests */,
				33B8BC54197E6F1F00801933 /* Supporting Files */,
			);
			path = FZP2PTests;
			sourceTree = "<group>";
		};
		33B8BC54197E6F1F00801933 /* Supporting Files */ = {
			isa = PBXGroup;
			children = (
				33B8BC6A197E6F8000801933 /* FZP2PTests-Prefix.pch */,
				33B8BC55197E6F1F00801933 /* Info.plist */,
			);
			name = "Supporting Files";
			sourceTree = "<group>";
		};
		33B8BC88197E6FA000801933 /* ViewControllerTests */ = {
			isa = PBXGroup;
			children = (
				33B8BC8B197E6FD500801933 /* TransferHomeViewControllerTests.m */,
				33AB9511197FA22000E08274 /* TransferReceiveStep1ViewControllerTests.m */,
				33AB9512197FA22000E08274 /* TransferReceiveStep2ViewControllerTests.m */,
			);
			name = ViewControllerTests;
			sourceTree = "<group>";
		};
		5535622E1980F12200696D93 /* Models */ = {
			isa = PBXGroup;
			children = (
				5535622F1980F1A300696D93 /* FZTransferHomeModel.h */,
				553562301980F1A300696D93 /* FZTransferHomeModel.m */,
				553562331980F1CB00696D93 /* FZTransferReceiveStep1Model.h */,
				553562341980F1CB00696D93 /* FZTransferReceiveStep1Model.m */,
				553562371980F1E000696D93 /* FZTransferReceiveStep2Model.h */,
				553562381980F1E000696D93 /* FZTransferReceiveStep2Model.m */,
				5535623B1980F1F600696D93 /* FZTransferStep1Model.h */,
				5535623C1980F1F600696D93 /* FZTransferStep1Model.m */,
			);
			path = Models;
			sourceTree = "<group>";
		};
		66E8B6C814D899500074EAA4 = {
			isa = PBXGroup;
			children = (
				E1988F4A18D3365C00283EE4 /* CodeSource */,
				E1988F4D18D3365C00283EE4 /* Configuration */,
				66E8B6D514D899500074EAA4 /* Frameworks */,
				66E8B6D414D899500074EAA4 /* Products */,
				33B8BC53197E6F1F00801933 /* FZP2PTests */,
			);
			sourceTree = "<group>";
		};
		66E8B6D414D899500074EAA4 /* Products */ = {
			isa = PBXGroup;
			children = (
				66E8B6D314D899500074EAA4 /* libFZP2P.a */,
				33B8BC52197E6F1F00801933 /* FZP2PTests.xctest */,
			);
			name = Products;
			sourceTree = "<group>";
		};
		66E8B6D514D899500074EAA4 /* Frameworks */ = {
			isa = PBXGroup;
			children = (
				552979FC19990D67009D6A65 /* AVFoundation.framework */,
				E19A76AA18D6DF9B0037BD02 /* UIKit.framework */,
				66E8B6D614D899500074EAA4 /* Foundation.framework */,
				664A268414E3222700C297E6 /* CoreFoundation.framework */,
			);
			name = Frameworks;
			sourceTree = "<group>";
		};
		C4520F3B19A338FE00358DA3 /* _FZFWS */ = {
			isa = PBXGroup;
			children = (
				C4CCE92A19A350AD006CCCCE /* FZAPI.framework */,
				C4CCE92B19A350AD006CCCCE /* FZBlackBox.framework */,
				C4CCE92C19A350AD006CCCCE /* FZResources-API.bundle */,
				C4CCE92D19A350AD006CCCCE /* FZResources-BlackBox.bundle */,
				C4520FEF19A338FE00358DA3 /* FZP2P.framework */,
				C452101219A338FE00358DA3 /* FZResources-P2P.bundle */,
			);
			name = _FZFWS;
			path = ../../../_FZFWS;
			sourceTree = "<group>";
		};
		E143EAC118FBD64500ACC7FE /* Vendors */ = {
			isa = PBXGroup;
			children = (
			);
			path = Vendors;
			sourceTree = "<group>";
		};
		E1988F4A18D3365C00283EE4 /* CodeSource */ = {
			isa = PBXGroup;
			children = (
				E1A43F671901623B005A6746 /* Helper */,
				5535622E1980F12200696D93 /* Models */,
				E1A43F501901610D005A6746 /* Controllers */,
				E143EAC118FBD64500ACC7FE /* Vendors */,
			);
			path = CodeSource;
			sourceTree = "<group>";
		};
		E1988F4D18D3365C00283EE4 /* Configuration */ = {
			isa = PBXGroup;
			children = (
				E1988F4E18D3365C00283EE4 /* AllHeaders */,
				E1988F5018D3365C00283EE4 /* Prefix */,
				E1988F5218D3365C00283EE4 /* Resources */,
			);
			path = Configuration;
			sourceTree = "<group>";
		};
		E1988F4E18D3365C00283EE4 /* AllHeaders */ = {
			isa = PBXGroup;
			children = (
				E1988F4F18D3365C00283EE4 /* FZP2P.h */,
			);
			path = AllHeaders;
			sourceTree = "<group>";
		};
		E1988F5018D3365C00283EE4 /* Prefix */ = {
			isa = PBXGroup;
			children = (
				E1988F5118D3365C00283EE4 /* FZP2P-Prefix.pch */,
			);
			path = Prefix;
			sourceTree = "<group>";
		};
		E1988F5218D3365C00283EE4 /* Resources */ = {
			isa = PBXGroup;
			children = (
				E1988F5318D3365C00283EE4 /* FZP2PResources-Info.plist */,
			);
			path = Resources;
			sourceTree = "<group>";
		};
		E1A43F501901610D005A6746 /* Controllers */ = {
			isa = PBXGroup;
			children = (
				E1A43F511901610D005A6746 /* Receive */,
				E1A43F561901610D005A6746 /* Transfer */,
				E1A43F591901610D005A6746 /* TransferHomeViewController.h */,
				E1A43F5A1901610D005A6746 /* TransferHomeViewController.m */,
			);
			name = Controllers;
			path = Transfer;
			sourceTree = "<group>";
		};
		E1A43F511901610D005A6746 /* Receive */ = {
			isa = PBXGroup;
			children = (
				E1A43F521901610D005A6746 /* FZTransferReceiveStep1ViewController.h */,
				E1A43F531901610D005A6746 /* FZTransferReceiveStep1ViewController.m */,
				E1A43F541901610D005A6746 /* TransferReceiveStep2ViewController.h */,
				E1A43F551901610D005A6746 /* TransferReceiveStep2ViewController.m */,
			);
			path = Receive;
			sourceTree = "<group>";
		};
		E1A43F561901610D005A6746 /* Transfer */ = {
			isa = PBXGroup;
			children = (
				E1A43F571901610D005A6746 /* TransferStep1ViewController.h */,
				E1A43F581901610D005A6746 /* TransferStep1ViewController.m */,
			);
			path = Transfer;
			sourceTree = "<group>";
		};
		E1A43F671901623B005A6746 /* Helper */ = {
			isa = PBXGroup;
			children = (
				E1A43F681901623B005A6746 /* FZAmountHelper.h */,
				E1A43F691901623B005A6746 /* FZAmountHelper.m */,
			);
			name = Helper;
			path = Transfer/Helper;
			sourceTree = "<group>";
		};
/* End PBXGroup section */

/* Begin PBXHeadersBuildPhase section */
		66E8B6D114D899500074EAA4 /* Headers */ = {
			isa = PBXHeadersBuildPhase;
			buildActionMask = 2147483647;
			files = (
				553562351980F1CB00696D93 /* FZTransferReceiveStep1Model.h in Headers */,
				E1988F5E18D3365C00283EE4 /* FZP2P.h in Headers */,
				5535623D1980F1F600696D93 /* FZTransferStep1Model.h in Headers */,
				E1A43F5F1901610D005A6746 /* TransferReceiveStep2ViewController.h in Headers */,
				E1A43F611901610D005A6746 /* TransferStep1ViewController.h in Headers */,
				E1A43F5D1901610D005A6746 /* FZTransferReceiveStep1ViewController.h in Headers */,
				553562311980F1A300696D93 /* FZTransferHomeModel.h in Headers */,
				553562391980F1E000696D93 /* FZTransferReceiveStep2Model.h in Headers */,
				E1988F5F18D3365C00283EE4 /* FZP2P-Prefix.pch in Headers */,
				E1A43F6A1901623B005A6746 /* FZAmountHelper.h in Headers */,
				E1A43F631901610D005A6746 /* TransferHomeViewController.h in Headers */,
			);
			runOnlyForDeploymentPostprocessing = 0;
		};
/* End PBXHeadersBuildPhase section */

/* Begin PBXNativeTarget section */
		33B8BC51197E6F1F00801933 /* FZP2PTests */ = {
			isa = PBXNativeTarget;
			buildConfigurationList = 33B8BC5D197E6F1F00801933 /* Build configuration list for PBXNativeTarget "FZP2PTests" */;
			buildPhases = (
				33B8BC4E197E6F1F00801933 /* Sources */,
				33B8BC4F197E6F1F00801933 /* Frameworks */,
				33B8BC50197E6F1F00801933 /* Resources */,
			);
			buildRules = (
			);
			dependencies = (
				33B8BC5A197E6F1F00801933 /* PBXTargetDependency */,
			);
			name = FZP2PTests;
			productName = FZP2PTests;
			productReference = 33B8BC52197E6F1F00801933 /* FZP2PTests.xctest */;
			productType = "com.apple.product-type.bundle.unit-test";
		};
		66E8B6D214D899500074EAA4 /* Library */ = {
			isa = PBXNativeTarget;
			buildConfigurationList = 66E8B6E014D899500074EAA4 /* Build configuration list for PBXNativeTarget "Library" */;
			buildPhases = (
				66E8B6CF14D899500074EAA4 /* Sources */,
				66E8B6D014D899500074EAA4 /* Frameworks */,
				66E8B6D114D899500074EAA4 /* Headers */,
				66E8B6E814D8A4D10074EAA4 /* Build .a library */,
			);
			buildRules = (
			);
			dependencies = (
			);
			name = Library;
			productName = Serenity;
			productReference = 66E8B6D314D899500074EAA4 /* libFZP2P.a */;
			productType = "com.apple.product-type.library.static";
		};
/* End PBXNativeTarget section */

/* Begin PBXProject section */
		66E8B6CA14D899500074EAA4 /* Project object */ = {
			isa = PBXProject;
			attributes = {
				LastUpgradeCheck = 0630;
				ORGANIZATIONNAME = Google;
				TargetAttributes = {
					33B8BC51197E6F1F00801933 = {
						CreatedOnToolsVersion = 6.0;
						TestTargetID = 66E8B6D214D899500074EAA4;
					};
				};
			};
			buildConfigurationList = 66E8B6CD14D899500074EAA4 /* Build configuration list for PBXProject "FZP2P" */;
			compatibilityVersion = "Xcode 3.2";
			developmentRegion = English;
			hasScannedForEncodings = 0;
			knownRegions = (
				en,
				fr,
				de,
				es,
				nl,
			);
			mainGroup = 66E8B6C814D899500074EAA4;
			productRefGroup = 66E8B6D414D899500074EAA4 /* Products */;
			projectDirPath = "";
			projectRoot = "";
			targets = (
				66F5F13314DB195B0068FD20 /* FZP2P */,
				66E8B6D214D899500074EAA4 /* Library */,
				33B8BC51197E6F1F00801933 /* FZP2PTests */,
			);
		};
/* End PBXProject section */

/* Begin PBXResourcesBuildPhase section */
		33B8BC50197E6F1F00801933 /* Resources */ = {
			isa = PBXResourcesBuildPhase;
			buildActionMask = 2147483647;
			files = (
				C4CCE93119A350AD006CCCCE /* FZResources-BlackBox.bundle in Resources */,
				C4CCE93019A350AD006CCCCE /* FZResources-API.bundle in Resources */,
				C452103819A338FF00358DA3 /* FZResources-P2P.bundle in Resources */,
			);
			runOnlyForDeploymentPostprocessing = 0;
		};
/* End PBXResourcesBuildPhase section */

/* Begin PBXShellScriptBuildPhase section */
		66E8B6E814D8A4D10074EAA4 /* Build .a library */ = {
			isa = PBXShellScriptBuildPhase;
			buildActionMask = 2147483647;
			files = (
			);
			inputPaths = (
			);
			name = "Build .a library";
			outputPaths = (
			);
			runOnlyForDeploymentPostprocessing = 0;
			shellPath = /bin/sh;
			shellScript = "\n# The following conditionals come from\n# https://github.com/jverkoey/iOS-Framework\n#\n\nset -e\n\nmkdir -p \"${BUILT_PRODUCTS_DIR}/${PRODUCT_NAME}.framework/Versions/${FRAMEWORK_VERSION}/Headers\"\n\n# Link the \"Current\" version to \"${FRAMEWORK_VERSION}\"\nln -sfh ${FRAMEWORK_VERSION} \"${BUILT_PRODUCTS_DIR}/${PRODUCT_NAME}.framework/Versions/Current\"\nln -sfh Versions/Current/Headers \"${BUILT_PRODUCTS_DIR}/${PRODUCT_NAME}.framework/Headers\"\nln -sfh \"Versions/Current/${PRODUCT_NAME}\" \"${BUILT_PRODUCTS_DIR}/${PRODUCT_NAME}.framework/${PRODUCT_NAME}\"\n\n# The -a ensures that the headers maintain the source modification date so that we don't constantly\n# cause propagating rebuilds of files that import these headers.\ncp -a \"${TARGET_BUILD_DIR}/${PUBLIC_HEADERS_FOLDER_PATH}/\" \"${BUILT_PRODUCTS_DIR}/${PRODUCT_NAME}.framework/Versions/${FRAMEWORK_VERSION}/Headers\"\n";
		};
		66F5F13A14DB19B20068FD20 /* Build .framework library */ = {
			isa = PBXShellScriptBuildPhase;
			buildActionMask = 2147483647;
			files = (
			);
			inputPaths = (
			);
			name = "Build .framework library";
			outputPaths = (
			);
			runOnlyForDeploymentPostprocessing = 0;
			shellPath = /bin/sh;
			shellScript = "# The following conditionals come from\n# https://github.com/jverkoey/iOS-Framework\n#\n\n\nset -e\nset +u\n# Avoid recursively calling this script.\nif [[ $SF_MASTER_SCRIPT_RUNNING ]]\nthen\nexit 0\nfi\nset -u\nexport SF_MASTER_SCRIPT_RUNNING=1\n\nSF_TARGET_NAME=${PROJECT_NAME}\nSF_EXECUTABLE_PATH=\"lib${SF_TARGET_NAME}.a\"\nSF_WRAPPER_NAME=\"${SF_TARGET_NAME}.framework\"\n\n# The following conditionals come from\n# https://github.com/kstenerud/iOS-Universal-Framework\n\nif [[ \"$SDK_NAME\" =~ ([A-Za-z]+) ]]\nthen\nSF_SDK_PLATFORM=${BASH_REMATCH[1]}\nelse\necho \"Could not find platform name from SDK_NAME: $SDK_NAME\"\nexit 1\nfi\n\nif [[ \"$SDK_NAME\" =~ ([0-9]+.*$) ]]\nthen\nSF_SDK_VERSION=${BASH_REMATCH[1]}\nelse\necho \"Could not find sdk version from SDK_NAME: $SDK_NAME\"\nexit 1\nfi\n\nif [[ \"$SF_SDK_PLATFORM\" = \"iphoneos\" ]]\nthen\nSF_OTHER_PLATFORM=iphonesimulator\nelse\nSF_OTHER_PLATFORM=iphoneos\nfi\n\nif [[ \"$BUILT_PRODUCTS_DIR\" =~ (.*)$SF_SDK_PLATFORM$ ]]\nthen\nSF_OTHER_BUILT_PRODUCTS_DIR=\"${BASH_REMATCH[1]}${SF_OTHER_PLATFORM}\"\nelse\necho \"Could not find platform name from build products directory: $BUILT_PRODUCTS_DIR\"\nexit 1\nfi\n\n# Build the other platform.\nxcodebuild -project \"${PROJECT_FILE_PATH}\" -target \"${TARGET_NAME}\" -configuration \"${CONFIGURATION}\" -sdk ${SF_OTHER_PLATFORM}${SF_SDK_VERSION} BUILD_DIR=\"${BUILD_DIR}\" OBJROOT=\"${OBJROOT}\" BUILD_ROOT=\"${BUILD_ROOT}\" SYMROOT=\"${SYMROOT}\" $ACTION\n\n# Smash the two static libraries into one fat binary and store it in the .framework\nlipo -create \"${BUILT_PRODUCTS_DIR}/${SF_EXECUTABLE_PATH}\" \"${SF_OTHER_BUILT_PRODUCTS_DIR}/${SF_EXECUTABLE_PATH}\" -output \"${BUILT_PRODUCTS_DIR}/${SF_WRAPPER_NAME}/Versions/${FRAMEWORK_VERSION}/${SF_TARGET_NAME}\"\n\n# Copy the binary to the other architecture folder to have a complete framework in both.\ncp -a \"${BUILT_PRODUCTS_DIR}/${SF_WRAPPER_NAME}/Versions/${FRAMEWORK_VERSION}/${SF_TARGET_NAME}\" \"${SF_OTHER_BUILT_PRODUCTS_DIR}/${SF_WRAPPER_NAME}/Versions/${FRAMEWORK_VERSION}/${SF_TARGET_NAME}\"\n\n\n# Old my-self working compile SDK (Don't manage bundle project)\n\n#SIMULATOR_LIBRARY_PATH=\"${BUILD_DIR}/${CONFIGURATION}-iphonesimulator/lib${PROJECT_NAME}.a\" &&\n#DEVICE_LIBRARY_PATH=\"${BUILD_DIR}/${CONFIGURATION}-iphoneos/lib${PROJECT_NAME}.a\" &&\n#UNIVERSAL_LIBRARY_DIR=\"${BUILD_DIR}/${CONFIGURATION}-iphoneuniversal\" &&\n#UNIVERSAL_LIBRARY_PATH=\"${UNIVERSAL_LIBRARY_DIR}/${PRODUCT_NAME}\" &&\n#FRAMEWORK=\"${UNIVERSAL_LIBRARY_DIR}/${PRODUCT_NAME}.framework\" &&\n\n\n# Create framework directory structure.\n#rm -rf \"${FRAMEWORK}\" &&\n#mkdir -p \"${UNIVERSAL_LIBRARY_DIR}\" &&\n#mkdir -p \"${FRAMEWORK}/Versions/A/Headers\" &&\n#mkdir -p \"${FRAMEWORK}/Versions/A/Resources\" &&\n\n# Generate universal binary for the device and simulator.\n#lipo \"${SIMULATOR_LIBRARY_PATH}\" \"${DEVICE_LIBRARY_PATH}\" -create -output \"${UNIVERSAL_LIBRARY_PATH}\" &&\n\n# Move files to appropriate locations in framework paths.\n#cp \"${UNIVERSAL_LIBRARY_PATH}\" \"${FRAMEWORK}/Versions/A\" &&\n#ln -s \"A\" \"${FRAMEWORK}/Versions/Current\" &&\n#ln -s \"Versions/Current/Headers\" \"${FRAMEWORK}/Headers\" &&\n#ln -s \"Versions/Current/Resources\" \"${FRAMEWORK}/Resources\" &&\n#ln -s \"Versions/Current/${PRODUCT_NAME}\" \"${FRAMEWORK}/${PRODUCT_NAME}\"";
		};
/* End PBXShellScriptBuildPhase section */

/* Begin PBXSourcesBuildPhase section */
		33B8BC4E197E6F1F00801933 /* Sources */ = {
			isa = PBXSourcesBuildPhase;
			buildActionMask = 2147483647;
			files = (
				33AB9515197FA22000E08274 /* TransferReceiveStep2ViewControllerTests.m in Sources */,
				33AB9514197FA22000E08274 /* TransferReceiveStep1ViewControllerTests.m in Sources */,
				55C1FA871998FD43001C97D1 /* TransferReceiveStep2ViewController.m in Sources */,
				556F54F2199906150070E020 /* TransferHomeViewController.m in Sources */,
				552979FE19990D8B009D6A65 /* FZAmountHelper.m in Sources */,
				55C1FA861998FD3A001C97D1 /* FZTransferReceiveStep1ViewController.m in Sources */,
				33B8BC8C197E6FD500801933 /* TransferHomeViewControllerTests.m in Sources */,
			);
			runOnlyForDeploymentPostprocessing = 0;
		};
		66E8B6CF14D899500074EAA4 /* Sources */ = {
			isa = PBXSourcesBuildPhase;
			buildActionMask = 2147483647;
			files = (
				E1A43F641901610D005A6746 /* TransferHomeViewController.m in Sources */,
				5535623A1980F1E000696D93 /* FZTransferReceiveStep2Model.m in Sources */,
				E1A43F601901610D005A6746 /* TransferReceiveStep2ViewController.m in Sources */,
				E1A43F621901610D005A6746 /* TransferStep1ViewController.m in Sources */,
				553562361980F1CB00696D93 /* FZTransferReceiveStep1Model.m in Sources */,
				E1A43F5E1901610D005A6746 /* FZTransferReceiveStep1ViewController.m in Sources */,
				553562321980F1A300696D93 /* FZTransferHomeModel.m in Sources */,
				5535623E1980F1F600696D93 /* FZTransferStep1Model.m in Sources */,
				E1A43F6B1901623B005A6746 /* FZAmountHelper.m in Sources */,
			);
			runOnlyForDeploymentPostprocessing = 0;
		};
/* End PBXSourcesBuildPhase section */

/* Begin PBXTargetDependency section */
		33B8BC5A197E6F1F00801933 /* PBXTargetDependency */ = {
			isa = PBXTargetDependency;
			target = 66E8B6D214D899500074EAA4 /* Library */;
			targetProxy = 33B8BC59197E6F1F00801933 /* PBXContainerItemProxy */;
		};
		66F5F13914DB19940068FD20 /* PBXTargetDependency */ = {
			isa = PBXTargetDependency;
			target = 66E8B6D214D899500074EAA4 /* Library */;
			targetProxy = 66F5F13814DB19940068FD20 /* PBXContainerItemProxy */;
		};
/* End PBXTargetDependency section */

/* Begin XCBuildConfiguration section */
		33B8BC5B197E6F1F00801933 /* Debug */ = {
			isa = XCBuildConfiguration;
			buildSettings = {
				CLANG_CXX_LANGUAGE_STANDARD = "gnu++0x";
				CLANG_CXX_LIBRARY = "libc++";
				CLANG_ENABLE_MODULES = YES;
				CLANG_ENABLE_OBJC_ARC = NO;
				CLANG_WARN_DIRECT_OBJC_ISA_USAGE = YES_ERROR;
				CLANG_WARN_OBJC_ROOT_CLASS = YES_ERROR;
				CLANG_WARN_UNREACHABLE_CODE = YES;
				ENABLE_STRICT_OBJC_MSGSEND = YES;
				FRAMEWORK_SEARCH_PATHS = "";
				GCC_GENERATE_DEBUGGING_SYMBOLS = YES;
				GCC_PREFIX_HEADER = "FZP2PTests/FZP2PTests-Prefix.pch";
				GCC_PREPROCESSOR_DEFINITIONS = (
					"DEBUG=1",
					"$(inherited)",
				);
				GCC_WARN_ABOUT_RETURN_TYPE = YES_ERROR;
				GCC_WARN_UNINITIALIZED_AUTOS = YES_AGGRESSIVE;
				INFOPLIST_FILE = FZP2PTests/Info.plist;
				IPHONEOS_DEPLOYMENT_TARGET = 8.0;
				LD_RUNPATH_SEARCH_PATHS = "$(inherited) @executable_path/Frameworks @loader_path/Frameworks";
				LIBRARY_SEARCH_PATHS = "";
				METAL_ENABLE_DEBUG_INFO = YES;
				ONLY_ACTIVE_ARCH = YES;
				PRODUCT_NAME = "$(TARGET_NAME)";
			};
			name = Debug;
		};
		33B8BC5C197E6F1F00801933 /* Release */ = {
			isa = XCBuildConfiguration;
			buildSettings = {
				CLANG_CXX_LANGUAGE_STANDARD = "gnu++0x";
				CLANG_CXX_LIBRARY = "libc++";
				CLANG_ENABLE_MODULES = YES;
				CLANG_ENABLE_OBJC_ARC = NO;
				CLANG_WARN_DIRECT_OBJC_ISA_USAGE = YES_ERROR;
				CLANG_WARN_OBJC_ROOT_CLASS = YES_ERROR;
				CLANG_WARN_UNREACHABLE_CODE = YES;
				ENABLE_NS_ASSERTIONS = NO;
				ENABLE_STRICT_OBJC_MSGSEND = YES;
				FRAMEWORK_SEARCH_PATHS = "";
				GCC_GENERATE_DEBUGGING_SYMBOLS = YES;
				GCC_PREFIX_HEADER = "FZP2PTests/FZP2PTests-Prefix.pch";
				GCC_WARN_ABOUT_RETURN_TYPE = YES_ERROR;
				GCC_WARN_UNINITIALIZED_AUTOS = YES_AGGRESSIVE;
				INFOPLIST_FILE = FZP2PTests/Info.plist;
				IPHONEOS_DEPLOYMENT_TARGET = 8.0;
				LD_RUNPATH_SEARCH_PATHS = "$(inherited) @executable_path/Frameworks @loader_path/Frameworks";
				LIBRARY_SEARCH_PATHS = "";
				METAL_ENABLE_DEBUG_INFO = NO;
				PRODUCT_NAME = "$(TARGET_NAME)";
			};
			name = Release;
		};
		66E8B6DE14D899500074EAA4 /* Debug */ = {
			isa = XCBuildConfiguration;
			buildSettings = {
				ALWAYS_SEARCH_USER_PATHS = NO;
				CLANG_WARN_BOOL_CONVERSION = YES;
				CLANG_WARN_CONSTANT_CONVERSION = YES;
				CLANG_WARN_EMPTY_BODY = YES;
				CLANG_WARN_ENUM_CONVERSION = YES;
				CLANG_WARN_INT_CONVERSION = YES;
				CLANG_WARN_UNREACHABLE_CODE = YES;
				CLANG_WARN__DUPLICATE_METHOD_MATCH = YES;
				COPY_PHASE_STRIP = NO;
				ENABLE_STRICT_OBJC_MSGSEND = YES;
				GCC_C_LANGUAGE_STANDARD = gnu99;
				GCC_DYNAMIC_NO_PIC = NO;
				GCC_GENERATE_DEBUGGING_SYMBOLS = YES;
				GCC_NO_COMMON_BLOCKS = YES;
				GCC_OPTIMIZATION_LEVEL = 0;
				GCC_PREPROCESSOR_DEFINITIONS = (
					"DEBUG=1",
					"$(inherited)",
				);
				GCC_SYMBOLS_PRIVATE_EXTERN = NO;
				GCC_VERSION = com.apple.compilers.llvm.clang.1_0;
				GCC_WARN_64_TO_32_BIT_CONVERSION = YES;
				GCC_WARN_ABOUT_MISSING_PROTOTYPES = YES;
				GCC_WARN_ABOUT_RETURN_TYPE = YES;
				GCC_WARN_UNDECLARED_SELECTOR = YES;
				GCC_WARN_UNINITIALIZED_AUTOS = YES;
				GCC_WARN_UNUSED_FUNCTION = YES;
				GCC_WARN_UNUSED_VARIABLE = YES;
				IPHONEOS_DEPLOYMENT_TARGET = 5.0;
				ONLY_ACTIVE_ARCH = YES;
				SDKROOT = iphoneos;
				VALIDATE_PRODUCT = YES;
			};
			name = Debug;
		};
		66E8B6DF14D899500074EAA4 /* Release */ = {
			isa = XCBuildConfiguration;
			buildSettings = {
				ALWAYS_SEARCH_USER_PATHS = NO;
				CLANG_WARN_BOOL_CONVERSION = YES;
				CLANG_WARN_CONSTANT_CONVERSION = YES;
				CLANG_WARN_EMPTY_BODY = YES;
				CLANG_WARN_ENUM_CONVERSION = YES;
				CLANG_WARN_INT_CONVERSION = YES;
				CLANG_WARN_UNREACHABLE_CODE = YES;
				CLANG_WARN__DUPLICATE_METHOD_MATCH = YES;
				COPY_PHASE_STRIP = YES;
				ENABLE_STRICT_OBJC_MSGSEND = YES;
				GCC_C_LANGUAGE_STANDARD = gnu99;
				GCC_GENERATE_DEBUGGING_SYMBOLS = YES;
				GCC_NO_COMMON_BLOCKS = YES;
				GCC_VERSION = com.apple.compilers.llvm.clang.1_0;
				GCC_WARN_64_TO_32_BIT_CONVERSION = YES;
				GCC_WARN_ABOUT_MISSING_PROTOTYPES = YES;
				GCC_WARN_ABOUT_RETURN_TYPE = YES;
				GCC_WARN_UNDECLARED_SELECTOR = YES;
				GCC_WARN_UNINITIALIZED_AUTOS = YES;
				GCC_WARN_UNUSED_FUNCTION = YES;
				GCC_WARN_UNUSED_VARIABLE = YES;
				IPHONEOS_DEPLOYMENT_TARGET = 5.0;
				ONLY_ACTIVE_ARCH = NO;
				SDKROOT = iphoneos;
				VALIDATE_PRODUCT = YES;
			};
			name = Release;
		};
		66E8B6E114D899500074EAA4 /* Debug */ = {
			isa = XCBuildConfiguration;
			buildSettings = {
				COPY_PHASE_STRIP = NO;
				DEAD_CODE_STRIPPING = NO;
				DSTROOT = /tmp/ODiSyFramework.dst;
				FRAMEWORK_VERSION = 1.0.0;
				GCC_GENERATE_DEBUGGING_SYMBOLS = YES;
				GCC_PRECOMPILE_PREFIX_HEADER = YES;
				GCC_PREFIX_HEADER = "Configuration/Prefix/FZP2P-Prefix.pch";
				GCC_TREAT_WARNINGS_AS_ERRORS = NO;
				GCC_WARN_UNUSED_LABEL = YES;
				GCC_WARN_UNUSED_PARAMETER = NO;
				ONLY_ACTIVE_ARCH = NO;
				OTHER_LDFLAGS = "";
				PRODUCT_NAME = FZP2P;
				PUBLIC_HEADERS_FOLDER_PATH = "$(PROJECT_NAME)Headers";
				SKIP_INSTALL = YES;
				STRIP_STYLE = "non-global";
			};
			name = Debug;
		};
		66E8B6E214D899500074EAA4 /* Release */ = {
			isa = XCBuildConfiguration;
			buildSettings = {
				COPY_PHASE_STRIP = NO;
				DEAD_CODE_STRIPPING = NO;
				DSTROOT = /tmp/ODiSyFramework.dst;
				FRAMEWORK_VERSION = 1.0.0;
				GCC_GENERATE_DEBUGGING_SYMBOLS = YES;
				GCC_PRECOMPILE_PREFIX_HEADER = YES;
				GCC_PREFIX_HEADER = "Configuration/Prefix/FZP2P-Prefix.pch";
				GCC_TREAT_WARNINGS_AS_ERRORS = NO;
				GCC_WARN_UNUSED_LABEL = YES;
				GCC_WARN_UNUSED_PARAMETER = NO;
				ONLY_ACTIVE_ARCH = NO;
				OTHER_LDFLAGS = "";
				PRODUCT_NAME = FZP2P;
				PUBLIC_HEADERS_FOLDER_PATH = "$(PROJECT_NAME)Headers";
				SKIP_INSTALL = YES;
				STRIP_STYLE = "non-global";
			};
			name = Release;
		};
		66F5F13414DB195B0068FD20 /* Debug */ = {
			isa = XCBuildConfiguration;
			buildSettings = {
				FRAMEWORK_VERSION = 1.0.0;
				ONLY_ACTIVE_ARCH = NO;
				PRODUCT_NAME = FZP2P;
				PUBLIC_HEADERS_FOLDER_PATH = "$(PROJECT_NAME)Headers";
			};
			name = Debug;
		};
		66F5F13514DB195B0068FD20 /* Release */ = {
			isa = XCBuildConfiguration;
			buildSettings = {
				FRAMEWORK_VERSION = 1.0.0;
				ONLY_ACTIVE_ARCH = NO;
				PRODUCT_NAME = FZP2P;
				PUBLIC_HEADERS_FOLDER_PATH = "$(PROJECT_NAME)Headers";
			};
			name = Release;
		};
/* End XCBuildConfiguration section */

/* Begin XCConfigurationList section */
		33B8BC5D197E6F1F00801933 /* Build configuration list for PBXNativeTarget "FZP2PTests" */ = {
			isa = XCConfigurationList;
			buildConfigurations = (
				33B8BC5B197E6F1F00801933 /* Debug */,
				33B8BC5C197E6F1F00801933 /* Release */,
			);
			defaultConfigurationIsVisible = 0;
			defaultConfigurationName = Release;
		};
		66E8B6CD14D899500074EAA4 /* Build configuration list for PBXProject "FZP2P" */ = {
			isa = XCConfigurationList;
			buildConfigurations = (
				66E8B6DE14D899500074EAA4 /* Debug */,
				66E8B6DF14D899500074EAA4 /* Release */,
			);
			defaultConfigurationIsVisible = 0;
			defaultConfigurationName = Release;
		};
		66E8B6E014D899500074EAA4 /* Build configuration list for PBXNativeTarget "Library" */ = {
			isa = XCConfigurationList;
			buildConfigurations = (
				66E8B6E114D899500074EAA4 /* Debug */,
				66E8B6E214D899500074EAA4 /* Release */,
			);
			defaultConfigurationIsVisible = 0;
			defaultConfigurationName = Release;
		};
		66F5F13614DB195B0068FD20 /* Build configuration list for PBXAggregateTarget "FZP2P" */ = {
			isa = XCConfigurationList;
			buildConfigurations = (
				66F5F13414DB195B0068FD20 /* Debug */,
				66F5F13514DB195B0068FD20 /* Release */,
			);
			defaultConfigurationIsVisible = 0;
			defaultConfigurationName = Release;
		};
/* End XCConfigurationList section */
	};
	rootObject = 66E8B6CA14D899500074EAA4 /* Project object */;
}
